PODS:
  - Adjust (4.33.3):
    - Adjust/Core (= 4.33.3)
  - Adjust/Core (4.33.3)
  - boost (1.76.0)
  - BVLinearGradient (2.6.2):
    - React-Core
  - CleverTap-iOS-SDK (4.2.2):
    - SDWebImage (~> 5.11)
  - clevertap-react-native (1.0.2):
    - CleverTap-iOS-SDK (= 4.2.2)
    - React-Core
  - CocoaAsyncSocket (7.6.5)
  - CTNotificationService (0.1.4)
  - DoubleConversion (1.1.6)
  - FBLazyVector (0.66.4)
  - FBReactNativeSpec (0.66.4):
    - RCT-Folly (= 2021.06.28.00-v2)
    - RCTRequired (= 0.66.4)
    - RCTTypeSafety (= 0.66.4)
    - React-Core (= 0.66.4)
    - React-jsi (= 0.66.4)
    - ReactCommon/turbomodule/core (= 0.66.4)
  - Firebase/Analytics (10.7.0):
    - Firebase/Core
  - Firebase/Auth (10.7.0):
    - Firebase/CoreOnly
    - FirebaseAuth (~> 10.7.0)
  - Firebase/Core (10.7.0):
    - Firebase/CoreOnly
    - FirebaseAnalytics (~> 10.7.0)
  - Firebase/CoreOnly (10.7.0):
    - FirebaseCore (= 10.7.0)
  - Firebase/Database (10.7.0):
    - Firebase/CoreOnly
    - FirebaseDatabase (~> 10.7.0)
  - Firebase/DynamicLinks (10.7.0):
    - Firebase/CoreOnly
    - FirebaseDynamicLinks (~> 10.7.0)
  - Firebase/Messaging (10.7.0):
    - Firebase/CoreOnly
    - FirebaseMessaging (~> 10.7.0)
  - Firebase/RemoteConfig (10.7.0):
    - Firebase/CoreOnly
    - FirebaseRemoteConfig (~> 10.7.0)
  - FirebaseABTesting (10.7.0):
    - FirebaseCore (~> 10.0)
  - FirebaseAnalytics (10.7.0):
    - FirebaseAnalytics/AdIdSupport (= 10.7.0)
    - FirebaseCore (~> 10.0)
    - FirebaseInstallations (~> 10.0)
    - GoogleUtilities/AppDelegateSwizzler (~> 7.8)
    - GoogleUtilities/MethodSwizzler (~> 7.8)
    - GoogleUtilities/Network (~> 7.8)
    - "GoogleUtilities/NSData+zlib (~> 7.8)"
    - nanopb (< 2.30910.0, >= 2.30908.0)
  - FirebaseAnalytics/AdIdSupport (10.7.0):
    - FirebaseCore (~> 10.0)
    - FirebaseInstallations (~> 10.0)
    - GoogleAppMeasurement (= 10.7.0)
    - GoogleUtilities/AppDelegateSwizzler (~> 7.8)
    - GoogleUtilities/MethodSwizzler (~> 7.8)
    - GoogleUtilities/Network (~> 7.8)
    - "GoogleUtilities/NSData+zlib (~> 7.8)"
    - nanopb (< 2.30910.0, >= 2.30908.0)
  - FirebaseAuth (10.7.0):
    - FirebaseCore (~> 10.0)
    - GoogleUtilities/AppDelegateSwizzler (~> 7.8)
    - GoogleUtilities/Environment (~> 7.8)
    - GTMSessionFetcher/Core (< 4.0, >= 2.1)
  - FirebaseCore (10.7.0):
    - FirebaseCoreInternal (~> 10.0)
    - GoogleUtilities/Environment (~> 7.8)
    - GoogleUtilities/Logger (~> 7.8)
  - FirebaseCoreExtension (10.7.0):
    - FirebaseCore (~> 10.0)
  - FirebaseCoreInternal (10.7.0):
    - "GoogleUtilities/NSData+zlib (~> 7.8)"
  - FirebaseDatabase (10.7.0):
    - FirebaseCore (~> 10.0)
    - leveldb-library (~> 1.22)
  - FirebaseDynamicLinks (10.7.0):
    - FirebaseCore (~> 10.0)
  - FirebaseInstallations (10.7.0):
    - FirebaseCore (~> 10.0)
    - GoogleUtilities/Environment (~> 7.8)
    - GoogleUtilities/UserDefaults (~> 7.8)
    - PromisesObjC (~> 2.1)
  - FirebaseMessaging (10.7.0):
    - FirebaseCore (~> 10.0)
    - FirebaseInstallations (~> 10.0)
    - GoogleDataTransport (~> 9.2)
    - GoogleUtilities/AppDelegateSwizzler (~> 7.8)
    - GoogleUtilities/Environment (~> 7.8)
    - GoogleUtilities/Reachability (~> 7.8)
    - GoogleUtilities/UserDefaults (~> 7.8)
    - nanopb (< 2.30910.0, >= 2.30908.0)
  - FirebaseRemoteConfig (10.7.0):
    - FirebaseABTesting (~> 10.0)
    - FirebaseCore (~> 10.0)
    - FirebaseInstallations (~> 10.0)
    - GoogleUtilities/Environment (~> 7.8)
    - "GoogleUtilities/NSData+zlib (~> 7.8)"
  - Flipper (0.99.0):
    - Flipper-Folly (~> 2.6)
    - Flipper-RSocket (~> 1.4)
  - Flipper-Boost-iOSX (1.76.0.1.11)
  - Flipper-DoubleConversion (3.1.7)
  - Flipper-Fmt (7.1.7)
  - Flipper-Folly (2.6.7):
    - Flipper-Boost-iOSX
    - Flipper-DoubleConversion
    - Flipper-Fmt (= 7.1.7)
    - Flipper-Glog
    - libevent (~> 2.1.12)
    - OpenSSL-Universal (= 1.1.180)
  - Flipper-Glog (0.3.6)
  - Flipper-PeerTalk (0.0.4)
  - Flipper-RSocket (1.4.3):
    - Flipper-Folly (~> 2.6)
  - FlipperKit (0.99.0):
    - FlipperKit/Core (= 0.99.0)
  - FlipperKit/Core (0.99.0):
    - Flipper (~> 0.99.0)
    - FlipperKit/CppBridge
    - FlipperKit/FBCxxFollyDynamicConvert
    - FlipperKit/FBDefines
    - FlipperKit/FKPortForwarding
  - FlipperKit/CppBridge (0.99.0):
    - Flipper (~> 0.99.0)
  - FlipperKit/FBCxxFollyDynamicConvert (0.99.0):
    - Flipper-Folly (~> 2.6)
  - FlipperKit/FBDefines (0.99.0)
  - FlipperKit/FKPortForwarding (0.99.0):
    - CocoaAsyncSocket (~> 7.6)
    - Flipper-PeerTalk (~> 0.0.4)
  - FlipperKit/FlipperKitHighlightOverlay (0.99.0)
  - FlipperKit/FlipperKitLayoutHelpers (0.99.0):
    - FlipperKit/Core
    - FlipperKit/FlipperKitHighlightOverlay
    - FlipperKit/FlipperKitLayoutTextSearchable
  - FlipperKit/FlipperKitLayoutIOSDescriptors (0.99.0):
    - FlipperKit/Core
    - FlipperKit/FlipperKitHighlightOverlay
    - FlipperKit/FlipperKitLayoutHelpers
    - YogaKit (~> 1.18)
  - FlipperKit/FlipperKitLayoutPlugin (0.99.0):
    - FlipperKit/Core
    - FlipperKit/FlipperKitHighlightOverlay
    - FlipperKit/FlipperKitLayoutHelpers
    - FlipperKit/FlipperKitLayoutIOSDescriptors
    - FlipperKit/FlipperKitLayoutTextSearchable
    - YogaKit (~> 1.18)
  - FlipperKit/FlipperKitLayoutTextSearchable (0.99.0)
  - FlipperKit/FlipperKitNetworkPlugin (0.99.0):
    - FlipperKit/Core
  - FlipperKit/FlipperKitReactPlugin (0.99.0):
    - FlipperKit/Core
  - FlipperKit/FlipperKitUserDefaultsPlugin (0.99.0):
    - FlipperKit/Core
  - FlipperKit/SKIOSNetworkPlugin (0.99.0):
    - FlipperKit/Core
    - FlipperKit/FlipperKitNetworkPlugin
  - fmt (6.2.1)
  - glog (0.3.5)
  - GoogleAppMeasurement (10.7.0):
    - GoogleAppMeasurement/AdIdSupport (= 10.7.0)
    - GoogleUtilities/AppDelegateSwizzler (~> 7.8)
    - GoogleUtilities/MethodSwizzler (~> 7.8)
    - GoogleUtilities/Network (~> 7.8)
    - "GoogleUtilities/NSData+zlib (~> 7.8)"
    - nanopb (< 2.30910.0, >= 2.30908.0)
  - GoogleAppMeasurement/AdIdSupport (10.7.0):
    - GoogleAppMeasurement/WithoutAdIdSupport (= 10.7.0)
    - GoogleUtilities/AppDelegateSwizzler (~> 7.8)
    - GoogleUtilities/MethodSwizzler (~> 7.8)
    - GoogleUtilities/Network (~> 7.8)
    - "GoogleUtilities/NSData+zlib (~> 7.8)"
    - nanopb (< 2.30910.0, >= 2.30908.0)
  - GoogleAppMeasurement/WithoutAdIdSupport (10.7.0):
    - GoogleUtilities/AppDelegateSwizzler (~> 7.8)
    - GoogleUtilities/MethodSwizzler (~> 7.8)
    - GoogleUtilities/Network (~> 7.8)
    - "GoogleUtilities/NSData+zlib (~> 7.8)"
    - nanopb (< 2.30910.0, >= 2.30908.0)
  - GoogleDataTransport (9.2.2):
    - GoogleUtilities/Environment (~> 7.7)
    - nanopb (< 2.30910.0, >= 2.30908.0)
    - PromisesObjC (< 3.0, >= 1.2)
  - GoogleUtilities/AppDelegateSwizzler (7.11.1):
    - GoogleUtilities/Environment
    - GoogleUtilities/Logger
    - GoogleUtilities/Network
  - GoogleUtilities/Environment (7.11.1):
    - PromisesObjC (< 3.0, >= 1.2)
  - GoogleUtilities/Logger (7.11.1):
    - GoogleUtilities/Environment
  - GoogleUtilities/MethodSwizzler (7.11.1):
    - GoogleUtilities/Logger
  - GoogleUtilities/Network (7.11.1):
    - GoogleUtilities/Logger
    - "GoogleUtilities/NSData+zlib"
    - GoogleUtilities/Reachability
  - "GoogleUtilities/NSData+zlib (7.11.1)"
  - GoogleUtilities/Reachability (7.11.1):
    - GoogleUtilities/Logger
  - GoogleUtilities/UserDefaults (7.11.1):
    - GoogleUtilities/Logger
  - GTMSessionFetcher/Core (3.1.0)
  - leveldb-library (1.22.2)
  - libevent (2.1.12)
  - lottie-ios (3.4.4)
  - lottie-react-native (5.1.5):
    - lottie-ios (~> 3.4.0)
    - React-Core
  - nanopb (2.30909.0):
    - nanopb/decode (= 2.30909.0)
    - nanopb/encode (= 2.30909.0)
  - nanopb/decode (2.30909.0)
  - nanopb/encode (2.30909.0)
  - OpenSSL-Universal (1.1.180)
  - Permission-AppTrackingTransparency (3.0.3):
    - RNPermissions
  - Permission-Camera (3.0.3):
    - RNPermissions
  - PersonaInquirySDK2 (2.3.9)
  - PromisesObjC (2.2.0)
  - RCT-Folly (2021.06.28.00-v2):
    - boost
    - DoubleConversion
    - fmt (~> 6.2.1)
    - glog
    - RCT-Folly/Default (= 2021.06.28.00-v2)
  - RCT-Folly/Default (2021.06.28.00-v2):
    - boost
    - DoubleConversion
    - fmt (~> 6.2.1)
    - glog
  - RCTRequired (0.66.4)
  - RCTTypeSafety (0.66.4):
    - FBLazyVector (= 0.66.4)
    - RCT-Folly (= 2021.06.28.00-v2)
    - RCTRequired (= 0.66.4)
    - React-Core (= 0.66.4)
  - React (0.66.4):
    - React-Core (= 0.66.4)
    - React-Core/DevSupport (= 0.66.4)
    - React-Core/RCTWebSocket (= 0.66.4)
    - React-RCTActionSheet (= 0.66.4)
    - React-RCTAnimation (= 0.66.4)
    - React-RCTBlob (= 0.66.4)
    - React-RCTImage (= 0.66.4)
    - React-RCTLinking (= 0.66.4)
    - React-RCTNetwork (= 0.66.4)
    - React-RCTSettings (= 0.66.4)
    - React-RCTText (= 0.66.4)
    - React-RCTVibration (= 0.66.4)
  - React-callinvoker (0.66.4)
  - React-Core (0.66.4):
    - glog
    - RCT-Folly (= 2021.06.28.00-v2)
    - React-Core/Default (= 0.66.4)
    - React-cxxreact (= 0.66.4)
    - React-jsi (= 0.66.4)
    - React-jsiexecutor (= 0.66.4)
    - React-perflogger (= 0.66.4)
    - Yoga
  - React-Core/CoreModulesHeaders (0.66.4):
    - glog
    - RCT-Folly (= 2021.06.28.00-v2)
    - React-Core/Default
    - React-cxxreact (= 0.66.4)
    - React-jsi (= 0.66.4)
    - React-jsiexecutor (= 0.66.4)
    - React-perflogger (= 0.66.4)
    - Yoga
  - React-Core/Default (0.66.4):
    - glog
    - RCT-Folly (= 2021.06.28.00-v2)
    - React-cxxreact (= 0.66.4)
    - React-jsi (= 0.66.4)
    - React-jsiexecutor (= 0.66.4)
    - React-perflogger (= 0.66.4)
    - Yoga
  - React-Core/DevSupport (0.66.4):
    - glog
    - RCT-Folly (= 2021.06.28.00-v2)
    - React-Core/Default (= 0.66.4)
    - React-Core/RCTWebSocket (= 0.66.4)
    - React-cxxreact (= 0.66.4)
    - React-jsi (= 0.66.4)
    - React-jsiexecutor (= 0.66.4)
    - React-jsinspector (= 0.66.4)
    - React-perflogger (= 0.66.4)
    - Yoga
  - React-Core/RCTActionSheetHeaders (0.66.4):
    - glog
    - RCT-Folly (= 2021.06.28.00-v2)
    - React-Core/Default
    - React-cxxreact (= 0.66.4)
    - React-jsi (= 0.66.4)
    - React-jsiexecutor (= 0.66.4)
    - React-perflogger (= 0.66.4)
    - Yoga
  - React-Core/RCTAnimationHeaders (0.66.4):
    - glog
    - RCT-Folly (= 2021.06.28.00-v2)
    - React-Core/Default
    - React-cxxreact (= 0.66.4)
    - React-jsi (= 0.66.4)
    - React-jsiexecutor (= 0.66.4)
    - React-perflogger (= 0.66.4)
    - Yoga
  - React-Core/RCTBlobHeaders (0.66.4):
    - glog
    - RCT-Folly (= 2021.06.28.00-v2)
    - React-Core/Default
    - React-cxxreact (= 0.66.4)
    - React-jsi (= 0.66.4)
    - React-jsiexecutor (= 0.66.4)
    - React-perflogger (= 0.66.4)
    - Yoga
  - React-Core/RCTImageHeaders (0.66.4):
    - glog
    - RCT-Folly (= 2021.06.28.00-v2)
    - React-Core/Default
    - React-cxxreact (= 0.66.4)
    - React-jsi (= 0.66.4)
    - React-jsiexecutor (= 0.66.4)
    - React-perflogger (= 0.66.4)
    - Yoga
  - React-Core/RCTLinkingHeaders (0.66.4):
    - glog
    - RCT-Folly (= 2021.06.28.00-v2)
    - React-Core/Default
    - React-cxxreact (= 0.66.4)
    - React-jsi (= 0.66.4)
    - React-jsiexecutor (= 0.66.4)
    - React-perflogger (= 0.66.4)
    - Yoga
  - React-Core/RCTNetworkHeaders (0.66.4):
    - glog
    - RCT-Folly (= 2021.06.28.00-v2)
    - React-Core/Default
    - React-cxxreact (= 0.66.4)
    - React-jsi (= 0.66.4)
    - React-jsiexecutor (= 0.66.4)
    - React-perflogger (= 0.66.4)
    - Yoga
  - React-Core/RCTSettingsHeaders (0.66.4):
    - glog
    - RCT-Folly (= 2021.06.28.00-v2)
    - React-Core/Default
    - React-cxxreact (= 0.66.4)
    - React-jsi (= 0.66.4)
    - React-jsiexecutor (= 0.66.4)
    - React-perflogger (= 0.66.4)
    - Yoga
  - React-Core/RCTTextHeaders (0.66.4):
    - glog
    - RCT-Folly (= 2021.06.28.00-v2)
    - React-Core/Default
    - React-cxxreact (= 0.66.4)
    - React-jsi (= 0.66.4)
    - React-jsiexecutor (= 0.66.4)
    - React-perflogger (= 0.66.4)
    - Yoga
  - React-Core/RCTVibrationHeaders (0.66.4):
    - glog
    - RCT-Folly (= 2021.06.28.00-v2)
    - React-Core/Default
    - React-cxxreact (= 0.66.4)
    - React-jsi (= 0.66.4)
    - React-jsiexecutor (= 0.66.4)
    - React-perflogger (= 0.66.4)
    - Yoga
  - React-Core/RCTWebSocket (0.66.4):
    - glog
    - RCT-Folly (= 2021.06.28.00-v2)
    - React-Core/Default (= 0.66.4)
    - React-cxxreact (= 0.66.4)
    - React-jsi (= 0.66.4)
    - React-jsiexecutor (= 0.66.4)
    - React-perflogger (= 0.66.4)
    - Yoga
  - React-CoreModules (0.66.4):
    - FBReactNativeSpec (= 0.66.4)
    - RCT-Folly (= 2021.06.28.00-v2)
    - RCTTypeSafety (= 0.66.4)
    - React-Core/CoreModulesHeaders (= 0.66.4)
    - React-jsi (= 0.66.4)
    - React-RCTImage (= 0.66.4)
    - ReactCommon/turbomodule/core (= 0.66.4)
  - React-cxxreact (0.66.4):
    - boost (= 1.76.0)
    - DoubleConversion
    - glog
    - RCT-Folly (= 2021.06.28.00-v2)
    - React-callinvoker (= 0.66.4)
    - React-jsi (= 0.66.4)
    - React-jsinspector (= 0.66.4)
    - React-logger (= 0.66.4)
    - React-perflogger (= 0.66.4)
    - React-runtimeexecutor (= 0.66.4)
  - React-jsi (0.66.4):
    - boost (= 1.76.0)
    - DoubleConversion
    - glog
    - RCT-Folly (= 2021.06.28.00-v2)
    - React-jsi/Default (= 0.66.4)
  - React-jsi/Default (0.66.4):
    - boost (= 1.76.0)
    - DoubleConversion
    - glog
    - RCT-Folly (= 2021.06.28.00-v2)
  - React-jsiexecutor (0.66.4):
    - DoubleConversion
    - glog
    - RCT-Folly (= 2021.06.28.00-v2)
    - React-cxxreact (= 0.66.4)
    - React-jsi (= 0.66.4)
    - React-perflogger (= 0.66.4)
  - React-jsinspector (0.66.4)
  - React-logger (0.66.4):
    - glog
  - react-native-adjust (4.33.0):
    - Adjust (= 4.33.3)
    - React-Core
  - react-native-blind-threshold-bls (1.0.0):
    - React-Core
  - react-native-camera (4.2.1):
    - React-Core
    - react-native-camera/RCT (= 4.2.1)
    - react-native-camera/RN (= 4.2.1)
  - react-native-camera/RCT (4.2.1):
    - React-Core
  - react-native-camera/RN (4.2.1):
    - React-Core
  - react-native-config (1.4.11):
    - react-native-config/App (= 1.4.11)
  - react-native-config/App (1.4.11):
    - React-Core
  - react-native-contacts (5.0.0):
    - React-Core
  - react-native-cookies (6.2.1):
    - React-Core
  - react-native-fast-crypto (2.2.0):
    - React-Core
  - react-native-flipper (0.127.0):
    - React-Core
  - react-native-get-random-values (1.8.0):
    - React-Core
  - react-native-mail (6.1.1):
    - React-Core
  - react-native-netinfo (9.3.7):
    - React-Core
  - react-native-randombytes (3.6.0):
    - React-Core
  - react-native-safe-area-context (4.5.0):
    - RCT-Folly
    - RCTRequired
    - RCTTypeSafety
    - React-Core
    - ReactCommon/turbomodule/core
  - react-native-shake (5.1.1):
    - React-Core
  - react-native-simple-toast (1.1.4):
    - React-Core
    - Toast (~> 4.0.0)
  - react-native-splash-screen (3.3.0):
    - React-Core
  - react-native-webview (11.6.5):
    - React-Core
  - React-perflogger (0.66.4)
  - React-RCTActionSheet (0.66.4):
    - React-Core/RCTActionSheetHeaders (= 0.66.4)
  - React-RCTAnimation (0.66.4):
    - FBReactNativeSpec (= 0.66.4)
    - RCT-Folly (= 2021.06.28.00-v2)
    - RCTTypeSafety (= 0.66.4)
    - React-Core/RCTAnimationHeaders (= 0.66.4)
    - React-jsi (= 0.66.4)
    - ReactCommon/turbomodule/core (= 0.66.4)
  - React-RCTBlob (0.66.4):
    - FBReactNativeSpec (= 0.66.4)
    - RCT-Folly (= 2021.06.28.00-v2)
    - React-Core/RCTBlobHeaders (= 0.66.4)
    - React-Core/RCTWebSocket (= 0.66.4)
    - React-jsi (= 0.66.4)
    - React-RCTNetwork (= 0.66.4)
    - ReactCommon/turbomodule/core (= 0.66.4)
  - React-RCTImage (0.66.4):
    - FBReactNativeSpec (= 0.66.4)
    - RCT-Folly (= 2021.06.28.00-v2)
    - RCTTypeSafety (= 0.66.4)
    - React-Core/RCTImageHeaders (= 0.66.4)
    - React-jsi (= 0.66.4)
    - React-RCTNetwork (= 0.66.4)
    - ReactCommon/turbomodule/core (= 0.66.4)
  - React-RCTLinking (0.66.4):
    - FBReactNativeSpec (= 0.66.4)
    - React-Core/RCTLinkingHeaders (= 0.66.4)
    - React-jsi (= 0.66.4)
    - ReactCommon/turbomodule/core (= 0.66.4)
  - React-RCTNetwork (0.66.4):
    - FBReactNativeSpec (= 0.66.4)
    - RCT-Folly (= 2021.06.28.00-v2)
    - RCTTypeSafety (= 0.66.4)
    - React-Core/RCTNetworkHeaders (= 0.66.4)
    - React-jsi (= 0.66.4)
    - ReactCommon/turbomodule/core (= 0.66.4)
  - React-RCTSettings (0.66.4):
    - FBReactNativeSpec (= 0.66.4)
    - RCT-Folly (= 2021.06.28.00-v2)
    - RCTTypeSafety (= 0.66.4)
    - React-Core/RCTSettingsHeaders (= 0.66.4)
    - React-jsi (= 0.66.4)
    - ReactCommon/turbomodule/core (= 0.66.4)
  - React-RCTText (0.66.4):
    - React-Core/RCTTextHeaders (= 0.66.4)
  - React-RCTVibration (0.66.4):
    - FBReactNativeSpec (= 0.66.4)
    - RCT-Folly (= 2021.06.28.00-v2)
    - React-Core/RCTVibrationHeaders (= 0.66.4)
    - React-jsi (= 0.66.4)
    - ReactCommon/turbomodule/core (= 0.66.4)
  - React-runtimeexecutor (0.66.4):
    - React-jsi (= 0.66.4)
  - ReactCommon/turbomodule/core (0.66.4):
    - DoubleConversion
    - glog
    - RCT-Folly (= 2021.06.28.00-v2)
    - React-callinvoker (= 0.66.4)
    - React-Core (= 0.66.4)
    - React-cxxreact (= 0.66.4)
    - React-jsi (= 0.66.4)
    - React-logger (= 0.66.4)
    - React-perflogger (= 0.66.4)
  - RNCAsyncStorage (1.17.11):
    - React-Core
  - RNCClipboard (1.11.1):
    - React-Core
  - RNCMaskedView (0.2.8):
    - React-Core
  - RNCPicker (2.4.8):
    - React-Core
  - RNDeviceInfo (10.2.0):
    - React-Core
  - RNExitApp (1.1.0):
    - React-Core
  - RNFBAnalytics (17.4.2):
    - Firebase/Analytics (= 10.7.0)
    - React-Core
    - RNFBApp
  - RNFBApp (17.4.2):
    - Firebase/CoreOnly (= 10.7.0)
    - React-Core
  - RNFBAuth (17.4.2):
    - Firebase/Auth (= 10.7.0)
    - React-Core
    - RNFBApp
  - RNFBDatabase (17.4.2):
    - Firebase/Database (= 10.7.0)
    - React-Core
    - RNFBApp
  - RNFBDynamicLinks (17.4.2):
    - Firebase/DynamicLinks (= 10.7.0)
    - GoogleUtilities/AppDelegateSwizzler
    - React-Core
    - RNFBApp
  - RNFBMessaging (17.4.2):
    - Firebase/Messaging (= 10.7.0)
    - FirebaseCoreExtension (= 10.7.0)
    - React-Core
    - RNFBApp
  - RNFBRemoteConfig (17.4.2):
    - Firebase/RemoteConfig (= 10.7.0)
    - React-Core
    - RNFBApp
  - RNFS (2.20.0):
    - React-Core
  - RNGestureHandler (2.9.0):
    - React-Core
  - RNImageCropPicker (0.35.2):
    - React-Core
    - React-RCTImage
    - RNImageCropPicker/QBImagePickerController (= 0.35.2)
    - TOCropViewController
  - RNImageCropPicker/QBImagePickerController (0.35.2):
    - React-Core
    - React-RCTImage
    - TOCropViewController
  - RNKeychain (8.0.0):
    - React-Core
  - RNLocalize (2.1.7):
    - React-Core
  - RNPermissions (3.0.3):
    - React-Core
  - RNPersonaInquiry2 (2.2.23):
    - PersonaInquirySDK2 (= 2.3.9)
    - React-Core
  - RNReactNativeHapticFeedback (1.14.0):
    - React-Core
  - RNReanimated (2.13.0):
    - DoubleConversion
    - FBLazyVector
    - FBReactNativeSpec
    - glog
    - RCT-Folly
    - RCTRequired
    - RCTTypeSafety
    - React-callinvoker
    - React-Core
    - React-Core/DevSupport
    - React-Core/RCTWebSocket
    - React-CoreModules
    - React-cxxreact
    - React-jsi
    - React-jsiexecutor
    - React-jsinspector
    - React-RCTActionSheet
    - React-RCTAnimation
    - React-RCTBlob
    - React-RCTImage
    - React-RCTLinking
    - React-RCTNetwork
    - React-RCTSettings
    - React-RCTText
    - ReactCommon/turbomodule/core
    - Yoga
  - RNScreens (3.18.2):
    - React-Core
    - React-RCTImage
  - RNSecureRandom (1.0.1):
    - React-Core
  - RNSentry (4.13.0):
    - React-Core
    - Sentry/HybridSDK (= 7.31.5)
  - RNShare (7.3.2):
    - React-Core
  - RNSVG (12.3.0):
    - React-Core
  - SDWebImage (5.15.5):
    - SDWebImage/Core (= 5.15.5)
  - SDWebImage/Core (5.15.5)
  - segment-analytics-react-native (2.13.4):
    - React-Core
    - sovran-react-native
  - Sentry/HybridSDK (7.31.5)
  - sovran-react-native (1.0.1):
    - React-Core
  - Toast (4.0.0)
  - TOCropViewController (2.6.0)
  - Yoga (1.14.0)
  - YogaKit (1.18.1):
    - Yoga (~> 1.14)

DEPENDENCIES:
  - boost (from `../node_modules/react-native/third-party-podspecs/boost.podspec`)
  - BVLinearGradient (from `../node_modules/react-native-linear-gradient`)
  - clevertap-react-native (from `../node_modules/clevertap-react-native`)
  - CTNotificationService
  - DoubleConversion (from `../node_modules/react-native/third-party-podspecs/DoubleConversion.podspec`)
  - FBLazyVector (from `../node_modules/react-native/Libraries/FBLazyVector`)
  - FBReactNativeSpec (from `../node_modules/react-native/React/FBReactNativeSpec`)
  - Flipper (= 0.99.0)
  - Flipper-Boost-iOSX (= 1.76.0.1.11)
  - Flipper-DoubleConversion (= 3.1.7)
  - Flipper-Fmt (= 7.1.7)
  - Flipper-Folly (= 2.6.7)
  - Flipper-Glog (= 0.3.6)
  - Flipper-PeerTalk (= 0.0.4)
  - Flipper-RSocket (= 1.4.3)
  - FlipperKit (= 0.99.0)
  - FlipperKit/Core (= 0.99.0)
  - FlipperKit/CppBridge (= 0.99.0)
  - FlipperKit/FBCxxFollyDynamicConvert (= 0.99.0)
  - FlipperKit/FBDefines (= 0.99.0)
  - FlipperKit/FKPortForwarding (= 0.99.0)
  - FlipperKit/FlipperKitHighlightOverlay (= 0.99.0)
  - FlipperKit/FlipperKitLayoutPlugin (= 0.99.0)
  - FlipperKit/FlipperKitLayoutTextSearchable (= 0.99.0)
  - FlipperKit/FlipperKitNetworkPlugin (= 0.99.0)
  - FlipperKit/FlipperKitReactPlugin (= 0.99.0)
  - FlipperKit/FlipperKitUserDefaultsPlugin (= 0.99.0)
  - FlipperKit/SKIOSNetworkPlugin (= 0.99.0)
  - glog (from `../node_modules/react-native/third-party-podspecs/glog.podspec`)
  - lottie-react-native (from `../node_modules/lottie-react-native`)
  - Permission-AppTrackingTransparency (from `../node_modules/react-native-permissions/ios/AppTrackingTransparency`)
  - Permission-Camera (from `../node_modules/react-native-permissions/ios/Camera`)
  - RCT-Folly (from `../node_modules/react-native/third-party-podspecs/RCT-Folly.podspec`)
  - RCTRequired (from `../node_modules/react-native/Libraries/RCTRequired`)
  - RCTTypeSafety (from `../node_modules/react-native/Libraries/TypeSafety`)
  - React (from `../node_modules/react-native/`)
  - React-callinvoker (from `../node_modules/react-native/ReactCommon/callinvoker`)
  - React-Core (from `../node_modules/react-native/`)
  - React-Core/DevSupport (from `../node_modules/react-native/`)
  - React-Core/RCTWebSocket (from `../node_modules/react-native/`)
  - React-CoreModules (from `../node_modules/react-native/React/CoreModules`)
  - React-cxxreact (from `../node_modules/react-native/ReactCommon/cxxreact`)
  - React-jsi (from `../node_modules/react-native/ReactCommon/jsi`)
  - React-jsiexecutor (from `../node_modules/react-native/ReactCommon/jsiexecutor`)
  - React-jsinspector (from `../node_modules/react-native/ReactCommon/jsinspector`)
  - React-logger (from `../node_modules/react-native/ReactCommon/logger`)
  - react-native-adjust (from `../node_modules/react-native-adjust`)
  - react-native-blind-threshold-bls (from `../node_modules/react-native-blind-threshold-bls`)
  - react-native-camera (from `../node_modules/react-native-camera`)
  - react-native-config (from `../node_modules/react-native-config`)
  - react-native-contacts (from `../node_modules/react-native-contacts`)
  - "react-native-cookies (from `../node_modules/@react-native-cookies/cookies`)"
  - react-native-fast-crypto (from `../node_modules/react-native-fast-crypto`)
  - react-native-flipper (from `../node_modules/react-native-flipper`)
  - react-native-get-random-values (from `../node_modules/react-native-get-random-values`)
  - react-native-mail (from `../node_modules/react-native-mail`)
  - "react-native-netinfo (from `../node_modules/@react-native-community/netinfo`)"
  - react-native-randombytes (from `../node_modules/react-native-randombytes`)
  - react-native-safe-area-context (from `../node_modules/react-native-safe-area-context`)
  - react-native-shake (from `../node_modules/react-native-shake`)
  - react-native-simple-toast (from `../node_modules/react-native-simple-toast`)
  - react-native-splash-screen (from `../node_modules/react-native-splash-screen`)
  - react-native-webview (from `../node_modules/react-native-webview`)
  - React-perflogger (from `../node_modules/react-native/ReactCommon/reactperflogger`)
  - React-RCTActionSheet (from `../node_modules/react-native/Libraries/ActionSheetIOS`)
  - React-RCTAnimation (from `../node_modules/react-native/Libraries/NativeAnimation`)
  - React-RCTBlob (from `../node_modules/react-native/Libraries/Blob`)
  - React-RCTImage (from `../node_modules/react-native/Libraries/Image`)
  - React-RCTLinking (from `../node_modules/react-native/Libraries/LinkingIOS`)
  - React-RCTNetwork (from `../node_modules/react-native/Libraries/Network`)
  - React-RCTSettings (from `../node_modules/react-native/Libraries/Settings`)
  - React-RCTText (from `../node_modules/react-native/Libraries/Text`)
  - React-RCTVibration (from `../node_modules/react-native/Libraries/Vibration`)
  - React-runtimeexecutor (from `../node_modules/react-native/ReactCommon/runtimeexecutor`)
  - ReactCommon/turbomodule/core (from `../node_modules/react-native/ReactCommon`)
  - "RNCAsyncStorage (from `../node_modules/@react-native-async-storage/async-storage`)"
  - "RNCClipboard (from `../node_modules/@react-native-clipboard/clipboard`)"
  - "RNCMaskedView (from `../node_modules/@react-native-masked-view/masked-view`)"
  - "RNCPicker (from `../node_modules/@react-native-picker/picker`)"
  - RNDeviceInfo (from `../node_modules/react-native-device-info`)
  - RNExitApp (from `../node_modules/react-native-exit-app`)
  - "RNFBAnalytics (from `../node_modules/@react-native-firebase/analytics`)"
  - "RNFBApp (from `../node_modules/@react-native-firebase/app`)"
  - "RNFBAuth (from `../node_modules/@react-native-firebase/auth`)"
  - "RNFBDatabase (from `../node_modules/@react-native-firebase/database`)"
  - "RNFBDynamicLinks (from `../node_modules/@react-native-firebase/dynamic-links`)"
  - "RNFBMessaging (from `../node_modules/@react-native-firebase/messaging`)"
  - "RNFBRemoteConfig (from `../node_modules/@react-native-firebase/remote-config`)"
  - RNFS (from `../node_modules/react-native-fs`)
  - RNGestureHandler (from `../node_modules/react-native-gesture-handler`)
  - RNImageCropPicker (from `../node_modules/react-native-image-crop-picker`)
  - RNKeychain (from `../node_modules/react-native-keychain`)
  - RNLocalize (from `../node_modules/react-native-localize`)
  - RNPermissions (from `../node_modules/react-native-permissions`)
  - RNPersonaInquiry2 (from `../node_modules/react-native-persona`)
  - RNReactNativeHapticFeedback (from `../node_modules/react-native-haptic-feedback`)
  - RNReanimated (from `../node_modules/react-native-reanimated`)
  - RNScreens (from `../node_modules/react-native-screens`)
  - RNSecureRandom (from `../node_modules/react-native-securerandom`)
  - "RNSentry (from `../node_modules/@sentry/react-native`)"
  - RNShare (from `../node_modules/react-native-share`)
  - RNSVG (from `../node_modules/react-native-svg`)
  - "segment-analytics-react-native (from `../node_modules/@segment/analytics-react-native`)"
  - "sovran-react-native (from `../node_modules/@segment/sovran-react-native`)"
  - Yoga (from `../node_modules/react-native/ReactCommon/yoga`)

SPEC REPOS:
  trunk:
    - Adjust
    - CleverTap-iOS-SDK
    - CocoaAsyncSocket
    - CTNotificationService
    - Firebase
    - FirebaseABTesting
    - FirebaseAnalytics
    - FirebaseAuth
    - FirebaseCore
    - FirebaseCoreExtension
    - FirebaseCoreInternal
    - FirebaseDatabase
    - FirebaseDynamicLinks
    - FirebaseInstallations
    - FirebaseMessaging
    - FirebaseRemoteConfig
    - Flipper
    - Flipper-Boost-iOSX
    - Flipper-DoubleConversion
    - Flipper-Fmt
    - Flipper-Folly
    - Flipper-Glog
    - Flipper-PeerTalk
    - Flipper-RSocket
    - FlipperKit
    - fmt
    - GoogleAppMeasurement
    - GoogleDataTransport
    - GoogleUtilities
    - GTMSessionFetcher
    - leveldb-library
    - libevent
    - lottie-ios
    - nanopb
    - OpenSSL-Universal
    - PersonaInquirySDK2
    - PromisesObjC
    - SDWebImage
    - Sentry
    - Toast
    - TOCropViewController
    - YogaKit

EXTERNAL SOURCES:
  boost:
    :podspec: "../node_modules/react-native/third-party-podspecs/boost.podspec"
  BVLinearGradient:
    :path: "../node_modules/react-native-linear-gradient"
  clevertap-react-native:
    :path: "../node_modules/clevertap-react-native"
  DoubleConversion:
    :podspec: "../node_modules/react-native/third-party-podspecs/DoubleConversion.podspec"
  FBLazyVector:
    :path: "../node_modules/react-native/Libraries/FBLazyVector"
  FBReactNativeSpec:
    :path: "../node_modules/react-native/React/FBReactNativeSpec"
  glog:
    :podspec: "../node_modules/react-native/third-party-podspecs/glog.podspec"
  lottie-react-native:
    :path: "../node_modules/lottie-react-native"
  Permission-AppTrackingTransparency:
    :path: "../node_modules/react-native-permissions/ios/AppTrackingTransparency"
  Permission-Camera:
    :path: "../node_modules/react-native-permissions/ios/Camera"
  RCT-Folly:
    :podspec: "../node_modules/react-native/third-party-podspecs/RCT-Folly.podspec"
  RCTRequired:
    :path: "../node_modules/react-native/Libraries/RCTRequired"
  RCTTypeSafety:
    :path: "../node_modules/react-native/Libraries/TypeSafety"
  React:
    :path: "../node_modules/react-native/"
  React-callinvoker:
    :path: "../node_modules/react-native/ReactCommon/callinvoker"
  React-Core:
    :path: "../node_modules/react-native/"
  React-CoreModules:
    :path: "../node_modules/react-native/React/CoreModules"
  React-cxxreact:
    :path: "../node_modules/react-native/ReactCommon/cxxreact"
  React-jsi:
    :path: "../node_modules/react-native/ReactCommon/jsi"
  React-jsiexecutor:
    :path: "../node_modules/react-native/ReactCommon/jsiexecutor"
  React-jsinspector:
    :path: "../node_modules/react-native/ReactCommon/jsinspector"
  React-logger:
    :path: "../node_modules/react-native/ReactCommon/logger"
  react-native-adjust:
    :path: "../node_modules/react-native-adjust"
  react-native-blind-threshold-bls:
    :path: "../node_modules/react-native-blind-threshold-bls"
  react-native-camera:
    :path: "../node_modules/react-native-camera"
  react-native-config:
    :path: "../node_modules/react-native-config"
  react-native-contacts:
    :path: "../node_modules/react-native-contacts"
  react-native-cookies:
    :path: "../node_modules/@react-native-cookies/cookies"
  react-native-fast-crypto:
    :path: "../node_modules/react-native-fast-crypto"
  react-native-flipper:
    :path: "../node_modules/react-native-flipper"
  react-native-get-random-values:
    :path: "../node_modules/react-native-get-random-values"
  react-native-mail:
    :path: "../node_modules/react-native-mail"
  react-native-netinfo:
    :path: "../node_modules/@react-native-community/netinfo"
  react-native-randombytes:
    :path: "../node_modules/react-native-randombytes"
  react-native-safe-area-context:
    :path: "../node_modules/react-native-safe-area-context"
  react-native-shake:
    :path: "../node_modules/react-native-shake"
  react-native-simple-toast:
    :path: "../node_modules/react-native-simple-toast"
  react-native-splash-screen:
    :path: "../node_modules/react-native-splash-screen"
  react-native-webview:
    :path: "../node_modules/react-native-webview"
  React-perflogger:
    :path: "../node_modules/react-native/ReactCommon/reactperflogger"
  React-RCTActionSheet:
    :path: "../node_modules/react-native/Libraries/ActionSheetIOS"
  React-RCTAnimation:
    :path: "../node_modules/react-native/Libraries/NativeAnimation"
  React-RCTBlob:
    :path: "../node_modules/react-native/Libraries/Blob"
  React-RCTImage:
    :path: "../node_modules/react-native/Libraries/Image"
  React-RCTLinking:
    :path: "../node_modules/react-native/Libraries/LinkingIOS"
  React-RCTNetwork:
    :path: "../node_modules/react-native/Libraries/Network"
  React-RCTSettings:
    :path: "../node_modules/react-native/Libraries/Settings"
  React-RCTText:
    :path: "../node_modules/react-native/Libraries/Text"
  React-RCTVibration:
    :path: "../node_modules/react-native/Libraries/Vibration"
  React-runtimeexecutor:
    :path: "../node_modules/react-native/ReactCommon/runtimeexecutor"
  ReactCommon:
    :path: "../node_modules/react-native/ReactCommon"
  RNCAsyncStorage:
    :path: "../node_modules/@react-native-async-storage/async-storage"
  RNCClipboard:
    :path: "../node_modules/@react-native-clipboard/clipboard"
  RNCMaskedView:
    :path: "../node_modules/@react-native-masked-view/masked-view"
  RNCPicker:
    :path: "../node_modules/@react-native-picker/picker"
  RNDeviceInfo:
    :path: "../node_modules/react-native-device-info"
  RNExitApp:
    :path: "../node_modules/react-native-exit-app"
  RNFBAnalytics:
    :path: "../node_modules/@react-native-firebase/analytics"
  RNFBApp:
    :path: "../node_modules/@react-native-firebase/app"
  RNFBAuth:
    :path: "../node_modules/@react-native-firebase/auth"
  RNFBDatabase:
    :path: "../node_modules/@react-native-firebase/database"
  RNFBDynamicLinks:
    :path: "../node_modules/@react-native-firebase/dynamic-links"
  RNFBMessaging:
    :path: "../node_modules/@react-native-firebase/messaging"
  RNFBRemoteConfig:
    :path: "../node_modules/@react-native-firebase/remote-config"
  RNFS:
    :path: "../node_modules/react-native-fs"
  RNGestureHandler:
    :path: "../node_modules/react-native-gesture-handler"
  RNImageCropPicker:
    :path: "../node_modules/react-native-image-crop-picker"
  RNKeychain:
    :path: "../node_modules/react-native-keychain"
  RNLocalize:
    :path: "../node_modules/react-native-localize"
  RNPermissions:
    :path: "../node_modules/react-native-permissions"
  RNPersonaInquiry2:
    :path: "../node_modules/react-native-persona"
  RNReactNativeHapticFeedback:
    :path: "../node_modules/react-native-haptic-feedback"
  RNReanimated:
    :path: "../node_modules/react-native-reanimated"
  RNScreens:
    :path: "../node_modules/react-native-screens"
  RNSecureRandom:
    :path: "../node_modules/react-native-securerandom"
  RNSentry:
    :path: "../node_modules/@sentry/react-native"
  RNShare:
    :path: "../node_modules/react-native-share"
  RNSVG:
    :path: "../node_modules/react-native-svg"
  segment-analytics-react-native:
    :path: "../node_modules/@segment/analytics-react-native"
  sovran-react-native:
    :path: "../node_modules/@segment/sovran-react-native"
  Yoga:
    :path: "../node_modules/react-native/ReactCommon/yoga"

SPEC CHECKSUMS:
  Adjust: 41d0d5c031409aebe7fb1f5703ff0d3306133439
  boost: a7c83b31436843459a1961bfd74b96033dc77234
  BVLinearGradient: 34a999fda29036898a09c6a6b728b0b4189e1a44
  CleverTap-iOS-SDK: 36c21b8a671d87a0f9c7b389b339d02528bbe4d7
  clevertap-react-native: 5b73c22b6d6aa384eb4de7cc23fba5437074a5c8
  CocoaAsyncSocket: 065fd1e645c7abab64f7a6a2007a48038fdc6a99
  CTNotificationService: 43d6e66c78bc338bde3db173d615d8cde5f104f7
  DoubleConversion: 831926d9b8bf8166fd87886c4abab286c2422662
  FBLazyVector: e5569e42a1c79ca00521846c223173a57aca1fe1
  FBReactNativeSpec: fe08c1cd7e2e205718d77ad14b34957cce949b58
  Firebase: 0219acf760880eeec8ce479895bd7767466d9f81
  FirebaseABTesting: 76c8297fd026074e0366dc941d265d1be80a56d5
  FirebaseAnalytics: f8133442ee6f8512e28ff19e62ce15398bfaeace
  FirebaseAuth: dd64c01631df724b09f33e584625775c52f7d71f
  FirebaseCore: e317665b9d744727a97e623edbbed009320afdd7
  FirebaseCoreExtension: f17247ba8c61e4d3c8d136b5e2de3cb4ac6a85b6
  FirebaseCoreInternal: 8845798510aae74703467480f71ac613788d0696
  FirebaseDatabase: 06195bac336b5e4c893ec04a111631a4cdb00178
  FirebaseDynamicLinks: 16a8fae3697fba66fed7a1d646fe59f30d42aa31
  FirebaseInstallations: 59c0e4c7a816a0f76710d83f77e5369b3e45eb96
  FirebaseMessaging: ac9062bcc35ed56e15a0241d8fd317022499baf8
  FirebaseRemoteConfig: d5de62211e2eaa2152d8ee85a23c301b70887a74
  Flipper: 30e8eeeed6abdc98edaf32af0cda2f198be4b733
  Flipper-Boost-iOSX: fd1e2b8cbef7e662a122412d7ac5f5bea715403c
  Flipper-DoubleConversion: 57ffbe81ef95306cc9e69c4aa3aeeeeb58a6a28c
  Flipper-Fmt: 60cbdd92fc254826e61d669a5d87ef7015396a9b
  Flipper-Folly: 83af37379faa69497529e414bd43fbfc7cae259a
  Flipper-Glog: 1dfd6abf1e922806c52ceb8701a3599a79a200a6
  Flipper-PeerTalk: 116d8f857dc6ef55c7a5a75ea3ceaafe878aadc9
  Flipper-RSocket: d9d9ade67cbecf6ac10730304bf5607266dd2541
  FlipperKit: d8d346844eca5d9120c17d441a2f38596e8ed2b9
  fmt: ff9d55029c625d3757ed641535fd4a75fedc7ce9
  glog: 5337263514dd6f09803962437687240c5dc39aa4
  GoogleAppMeasurement: fe17c92a32207dd5cdd4e8d742767f2da74857f6
  GoogleDataTransport: 8378d1fa8ac49753ea6ce70d65a7cb70ce5f66e6
  GoogleUtilities: 9aa0ad5a7bc171f8bae016300bfcfa3fb8425749
  GTMSessionFetcher: c9e714f7eec91a55641e2bab9f45fd83a219b882
  leveldb-library: f03246171cce0484482ec291f88b6d563699ee06
  libevent: 4049cae6c81cdb3654a443be001fb9bdceff7913
  lottie-ios: 8f97d3271e155c2d688875c29cd3c74908aef5f8
  lottie-react-native: 3e722c63015fdb9c27638b0a77969fc412067c18
  nanopb: b552cce312b6c8484180ef47159bc0f65a1f0431
  OpenSSL-Universal: 1aa4f6a6ee7256b83db99ec1ccdaa80d10f9af9b
  Permission-AppTrackingTransparency: 7e4612104f43441744dc472d5b258daee5b71f7b
  Permission-Camera: 6abdb054620b2f6b3bf9e0b3842db246424d4d48
  PersonaInquirySDK2: 8153173c5f6d4e964874c9f0d7b375652c9bb6f9
  PromisesObjC: 09985d6d70fbe7878040aa746d78236e6946d2ef
  RCT-Folly: a21c126816d8025b547704b777a2ba552f3d9fa9
  RCTRequired: 4bf86c70714490bca4bf2696148638284622644b
  RCTTypeSafety: c475a7059eb77935fa53d2c17db299893f057d5d
  React: f64af14e3f2c50f6f2c91a5fd250e4ff1b3c3459
  React-callinvoker: b74e4ae80287780dcdf0cab262bcb581eeef56e7
  React-Core: 3eb7432bad96ff1d25aebc1defbae013fee2fd0e
  React-CoreModules: ad9e1fd5650e16666c57a08328df86fd7e480cb9
  React-cxxreact: 02633ff398cf7e91a2c1e12590d323c4a4b8668a
  React-jsi: 805c41a927d6499fb811772acb971467d9204633
  React-jsiexecutor: 94ce921e1d8ce7023366873ec371f3441383b396
  React-jsinspector: d0374f7509d407d2264168b6d0fad0b54e300b85
  React-logger: 933f80c97c633ee8965d609876848148e3fef438
  react-native-adjust: 5f5966b51459bf8cb074bf8ebc1307a2bfb7b1da
  react-native-blind-threshold-bls: 96b94b001aca9386ab033b26741614046044e80d
  react-native-camera: 3eae183c1d111103963f3dd913b65d01aef8110f
  react-native-config: bcafda5b4c51491ee1b0e1d0c4e3905bc7b56c1b
  react-native-contacts: fd1614c74777089ebb6b0a0e3847dd78130ef9f4
  react-native-cookies: f54fcded06bb0cda05c11d86788020b43528a26c
  react-native-fast-crypto: 1a13010b6e56c066711f974a225cfe67683aea15
  react-native-flipper: b9e2e817604af8da0d5a9ba20a8516e780e30f3c
  react-native-get-random-values: a6ea6a8a65dc93e96e24a11105b1a9c8cfe1d72a
  react-native-mail: 8fdcd3aef007c33a6877a18eb4cf7447a1d4ce4a
  react-native-netinfo: 2517ad504b3d303e90d7a431b0fcaef76d207983
  react-native-randombytes: b6677f7d495c27e9ee0dbd77ebc97b3c59173729
  react-native-safe-area-context: 39c2d8be3328df5d437ac1700f4f3a4f75716acc
  react-native-shake: 51c01abaf54a05d1ee23ddb8faad424c9fcc0569
  react-native-simple-toast: 8ee5d23f0b92b935ab7434cdb65159ce12dfb4b7
  react-native-splash-screen: 4312f786b13a81b5169ef346d76d33bc0c6dc457
  react-native-webview: 2e8fe70dc32b50d3231c23043f8e8b5a5525d346
  React-perflogger: 93075d8931c32cd1fce8a98c15d2d5ccc4d891bd
  React-RCTActionSheet: 7d3041e6761b4f3044a37079ddcb156575fb6d89
  React-RCTAnimation: 743e88b55ac62511ae5c2e22803d4f503f2a3a13
  React-RCTBlob: bee3a2f98fa7fc25c957c8643494244f74bea0a0
  React-RCTImage: 19fc9e29b06cc38611c553494f8d3040bf78c24e
  React-RCTLinking: dc799503979c8c711126d66328e7ce8f25c2848f
  React-RCTNetwork: 417e4e34cf3c19eaa5fd4e9eb20180d662a799ce
  React-RCTSettings: 4df89417265af26501a7e0e9192a34d3d9848dff
  React-RCTText: f8a21c3499ab322326290fa9b701ae29aa093aa5
  React-RCTVibration: e3ffca672dd3772536cb844274094b0e2c31b187
  React-runtimeexecutor: dec32ee6f2e2a26e13e58152271535fadff5455a
  ReactCommon: 57b69f6383eafcbd7da625bfa6003810332313c4
  RNCAsyncStorage: 8616bd5a58af409453ea4e1b246521bb76578d60
  RNCClipboard: 2834e1c4af68697089cdd455ee4a4cdd198fa7dd
  RNCMaskedView: bc0170f389056201c82a55e242e5d90070e18e5a
  RNCPicker: 0bf8ef8f7800524f32d2bb2a8bcadd53eda0ecd1
  RNDeviceInfo: 8b83e99e290deaf1bab71673cc636776ef647b6f
  RNExitApp: b6d5fb7a7ef85d502c45fb2d00840f517d6a4ac7
  RNFBAnalytics: 203a7683a759a8d647614b6f34692a04e138bef7
  RNFBApp: 55dbfc574e5ae414f2984394934f79f87eb4b050
  RNFBAuth: d30acc0f5f169bc28c7fcbf1b45cd061cc647590
  RNFBDatabase: 8b3d356cff711fe4cece516a5204da3fc772ed37
  RNFBDynamicLinks: 82e9846916034c287333ebbcbdbc31435796663c
  RNFBMessaging: d365361650cc697294227e1280923f35a31d2501
  RNFBRemoteConfig: 2c7889df00b594b10c20090f33741af0d5d59e67
  RNFS: 4ac0f0ea233904cb798630b3c077808c06931688
  RNGestureHandler: 071d7a9ad81e8b83fe7663b303d132406a7d8f39
  RNImageCropPicker: 9e0bf18cf4184a846fed55747c8e622208b39947
  RNKeychain: 4f63aada75ebafd26f4bc2c670199461eab85d94
  RNLocalize: f567ea0e35116a641cdffe6683b0d212d568f32a
  RNPermissions: 034db8a73d562766f990c89abbdeaa5d6e204c67
  RNPersonaInquiry2: 3ab52078e891a5d2fa39bf7cc9119ca27f0337fd
  RNReactNativeHapticFeedback: 1e3efeca9628ff9876ee7cdd9edec1b336913f8c
  RNReanimated: 81ae02204392903240908ab05385e178b4f88690
  RNScreens: 34cc502acf1b916c582c60003dc3089fa01dc66d
  RNSecureRandom: ff25041dd065a945810ca01a2bcd06f8d141b81d
  RNSentry: acebe4104a6f5915ae871eb59dc73f13dcc92ef7
  RNShare: d76b8c9c6e6ffb38fc18f40b4338c9d867592ed3
  RNSVG: 302bfc9905bd8122f08966dc2ce2d07b7b52b9f8
  SDWebImage: fd7e1a22f00303e058058278639bf6196ee431fe
  segment-analytics-react-native: cc12d9422f7ce863ee57c1b650ab48eec4b6d5bd
  Sentry: 4c9babff9034785067c896fd580b1f7de44da020
  sovran-react-native: 2964014cf2b12b6f0939a38199fe70477adc92b5
  Toast: 91b396c56ee72a5790816f40d3a94dd357abc196
  TOCropViewController: 3105367e808b7d3d886a74ff59bf4804e7d3ab38
  Yoga: e7dc4e71caba6472ff48ad7d234389b91dadc280
  YogaKit: f782866e155069a2cca2517aafea43200b01fd5a

PODFILE CHECKSUM: 8f9c2da159e58b9464bd2fa8bf67b81390853af3

COCOAPODS: 1.11.3
