PODS:
  - A0Auth0 (2.17.4):
    - Auth0 (= 2.3.2)
    - JWTDecode (= 3.0.1)
    - React-Core
    - SimpleKeychain (= 1.0.1)
  - Adjust (4.35.2):
    - Adjust/Core (= 4.35.2)
  - Adjust/Core (4.35.2)
  - Auth0 (2.3.2):
    - JWTDecode (~> 3.0)
    - SimpleKeychain (~> 1.0)
  - boost (1.76.0)
  - BVLinearGradient (2.8.3):
    - React-Core
  - CleverTap-iOS-SDK (5.2.1):
    - SDWebImage (~> 5.11)
  - clevertap-react-native (1.2.1):
    - CleverTap-iOS-SDK (= 5.2.1)
    - React-Core
  - CocoaAsyncSocket (7.6.5)
  - CTNotificationService (0.1.5)
  - DoubleConversion (1.1.6)
  - FBLazyVector (0.71.12)
  - FBReactNativeSpec (0.71.12):
    - RCT-Folly (= 2021.07.22.00)
    - RCTRequired (= 0.71.12)
    - RCTTypeSafety (= 0.71.12)
    - React-Core (= 0.71.12)
    - React-jsi (= 0.71.12)
    - ReactCommon/turbomodule/core (= 0.71.12)
  - Firebase/Analytics (10.7.0):
    - Firebase/Core
  - Firebase/Auth (10.7.0):
    - Firebase/CoreOnly
    - FirebaseAuth (~> 10.7.0)
  - Firebase/Core (10.7.0):
    - Firebase/CoreOnly
    - FirebaseAnalytics (~> 10.7.0)
  - Firebase/CoreOnly (10.7.0):
    - FirebaseCore (= 10.7.0)
  - Firebase/Database (10.7.0):
    - Firebase/CoreOnly
    - FirebaseDatabase (~> 10.7.0)
  - Firebase/DynamicLinks (10.7.0):
    - Firebase/CoreOnly
    - FirebaseDynamicLinks (~> 10.7.0)
  - Firebase/Messaging (10.7.0):
    - Firebase/CoreOnly
    - FirebaseMessaging (~> 10.7.0)
  - Firebase/RemoteConfig (10.7.0):
    - Firebase/CoreOnly
    - FirebaseRemoteConfig (~> 10.7.0)
  - FirebaseABTesting (10.16.0):
    - FirebaseCore (~> 10.0)
  - FirebaseAnalytics (10.7.0):
    - FirebaseAnalytics/AdIdSupport (= 10.7.0)
    - FirebaseCore (~> 10.0)
    - FirebaseInstallations (~> 10.0)
    - GoogleUtilities/AppDelegateSwizzler (~> 7.8)
    - GoogleUtilities/MethodSwizzler (~> 7.8)
    - GoogleUtilities/Network (~> 7.8)
    - "GoogleUtilities/NSData+zlib (~> 7.8)"
    - nanopb (< 2.30910.0, >= 2.30908.0)
  - FirebaseAnalytics/AdIdSupport (10.7.0):
    - FirebaseCore (~> 10.0)
    - FirebaseInstallations (~> 10.0)
    - GoogleAppMeasurement (= 10.7.0)
    - GoogleUtilities/AppDelegateSwizzler (~> 7.8)
    - GoogleUtilities/MethodSwizzler (~> 7.8)
    - GoogleUtilities/Network (~> 7.8)
    - "GoogleUtilities/NSData+zlib (~> 7.8)"
    - nanopb (< 2.30910.0, >= 2.30908.0)
  - FirebaseAuth (10.7.0):
    - FirebaseCore (~> 10.0)
    - GoogleUtilities/AppDelegateSwizzler (~> 7.8)
    - GoogleUtilities/Environment (~> 7.8)
    - GTMSessionFetcher/Core (< 4.0, >= 2.1)
  - FirebaseCore (10.7.0):
    - FirebaseCoreInternal (~> 10.0)
    - GoogleUtilities/Environment (~> 7.8)
    - GoogleUtilities/Logger (~> 7.8)
  - FirebaseCoreExtension (10.7.0):
    - FirebaseCore (~> 10.0)
  - FirebaseCoreInternal (10.16.0):
    - "GoogleUtilities/NSData+zlib (~> 7.8)"
  - FirebaseDatabase (10.7.0):
    - FirebaseCore (~> 10.0)
    - leveldb-library (~> 1.22)
  - FirebaseDynamicLinks (10.7.0):
    - FirebaseCore (~> 10.0)
  - FirebaseInstallations (10.16.0):
    - FirebaseCore (~> 10.0)
    - GoogleUtilities/Environment (~> 7.8)
    - GoogleUtilities/UserDefaults (~> 7.8)
    - PromisesObjC (~> 2.1)
  - FirebaseMessaging (10.7.0):
    - FirebaseCore (~> 10.0)
    - FirebaseInstallations (~> 10.0)
    - GoogleDataTransport (~> 9.2)
    - GoogleUtilities/AppDelegateSwizzler (~> 7.8)
    - GoogleUtilities/Environment (~> 7.8)
    - GoogleUtilities/Reachability (~> 7.8)
    - GoogleUtilities/UserDefaults (~> 7.8)
    - nanopb (< 2.30910.0, >= 2.30908.0)
  - FirebaseRemoteConfig (10.7.0):
    - FirebaseABTesting (~> 10.0)
    - FirebaseCore (~> 10.0)
    - FirebaseInstallations (~> 10.0)
    - GoogleUtilities/Environment (~> 7.8)
    - "GoogleUtilities/NSData+zlib (~> 7.8)"
  - Flipper (0.125.0):
    - Flipper-Folly (~> 2.6)
    - Flipper-RSocket (~> 1.4)
  - Flipper-Boost-iOSX (1.76.0.1.11)
  - Flipper-DoubleConversion (3.2.0.1)
  - Flipper-Fmt (7.1.7)
  - Flipper-Folly (2.6.10):
    - Flipper-Boost-iOSX
    - Flipper-DoubleConversion
    - Flipper-Fmt (= 7.1.7)
    - Flipper-Glog
    - libevent (~> 2.1.12)
    - OpenSSL-Universal (= 1.1.1100)
  - Flipper-Glog (0.3.5)
  - Flipper-PeerTalk (0.0.4)
  - Flipper-RSocket (1.4.3):
    - Flipper-Folly (~> 2.6)
  - FlipperKit (0.125.0):
    - FlipperKit/Core (= 0.125.0)
  - FlipperKit/Core (0.125.0):
    - Flipper (~> 0.125.0)
    - FlipperKit/CppBridge
    - FlipperKit/FBCxxFollyDynamicConvert
    - FlipperKit/FBDefines
    - FlipperKit/FKPortForwarding
    - SocketRocket (~> 0.6.0)
  - FlipperKit/CppBridge (0.125.0):
    - Flipper (~> 0.125.0)
  - FlipperKit/FBCxxFollyDynamicConvert (0.125.0):
    - Flipper-Folly (~> 2.6)
  - FlipperKit/FBDefines (0.125.0)
  - FlipperKit/FKPortForwarding (0.125.0):
    - CocoaAsyncSocket (~> 7.6)
    - Flipper-PeerTalk (~> 0.0.4)
  - FlipperKit/FlipperKitHighlightOverlay (0.125.0)
  - FlipperKit/FlipperKitLayoutHelpers (0.125.0):
    - FlipperKit/Core
    - FlipperKit/FlipperKitHighlightOverlay
    - FlipperKit/FlipperKitLayoutTextSearchable
  - FlipperKit/FlipperKitLayoutIOSDescriptors (0.125.0):
    - FlipperKit/Core
    - FlipperKit/FlipperKitHighlightOverlay
    - FlipperKit/FlipperKitLayoutHelpers
    - YogaKit (~> 1.18)
  - FlipperKit/FlipperKitLayoutPlugin (0.125.0):
    - FlipperKit/Core
    - FlipperKit/FlipperKitHighlightOverlay
    - FlipperKit/FlipperKitLayoutHelpers
    - FlipperKit/FlipperKitLayoutIOSDescriptors
    - FlipperKit/FlipperKitLayoutTextSearchable
    - YogaKit (~> 1.18)
  - FlipperKit/FlipperKitLayoutTextSearchable (0.125.0)
  - FlipperKit/FlipperKitNetworkPlugin (0.125.0):
    - FlipperKit/Core
  - FlipperKit/FlipperKitReactPlugin (0.125.0):
    - FlipperKit/Core
  - FlipperKit/FlipperKitUserDefaultsPlugin (0.125.0):
    - FlipperKit/Core
  - FlipperKit/SKIOSNetworkPlugin (0.125.0):
    - FlipperKit/Core
    - FlipperKit/FlipperKitNetworkPlugin
  - fmt (6.2.1)
  - glog (0.3.5)
  - GoogleAppMeasurement (10.7.0):
    - GoogleAppMeasurement/AdIdSupport (= 10.7.0)
    - GoogleUtilities/AppDelegateSwizzler (~> 7.8)
    - GoogleUtilities/MethodSwizzler (~> 7.8)
    - GoogleUtilities/Network (~> 7.8)
    - "GoogleUtilities/NSData+zlib (~> 7.8)"
    - nanopb (< 2.30910.0, >= 2.30908.0)
  - GoogleAppMeasurement/AdIdSupport (10.7.0):
    - GoogleAppMeasurement/WithoutAdIdSupport (= 10.7.0)
    - GoogleUtilities/AppDelegateSwizzler (~> 7.8)
    - GoogleUtilities/MethodSwizzler (~> 7.8)
    - GoogleUtilities/Network (~> 7.8)
    - "GoogleUtilities/NSData+zlib (~> 7.8)"
    - nanopb (< 2.30910.0, >= 2.30908.0)
  - GoogleAppMeasurement/WithoutAdIdSupport (10.7.0):
    - GoogleUtilities/AppDelegateSwizzler (~> 7.8)
    - GoogleUtilities/MethodSwizzler (~> 7.8)
    - GoogleUtilities/Network (~> 7.8)
    - "GoogleUtilities/NSData+zlib (~> 7.8)"
    - nanopb (< 2.30910.0, >= 2.30908.0)
  - GoogleDataTransport (9.2.5):
    - GoogleUtilities/Environment (~> 7.7)
    - nanopb (< 2.30910.0, >= 2.30908.0)
    - PromisesObjC (< 3.0, >= 1.2)
  - GoogleUtilities/AppDelegateSwizzler (7.11.5):
    - GoogleUtilities/Environment
    - GoogleUtilities/Logger
    - GoogleUtilities/Network
  - GoogleUtilities/Environment (7.11.5):
    - PromisesObjC (< 3.0, >= 1.2)
  - GoogleUtilities/Logger (7.11.5):
    - GoogleUtilities/Environment
  - GoogleUtilities/MethodSwizzler (7.11.5):
    - GoogleUtilities/Logger
  - GoogleUtilities/Network (7.11.5):
    - GoogleUtilities/Logger
    - "GoogleUtilities/NSData+zlib"
    - GoogleUtilities/Reachability
  - "GoogleUtilities/NSData+zlib (7.11.5)"
  - GoogleUtilities/Reachability (7.11.5):
    - GoogleUtilities/Logger
  - GoogleUtilities/UserDefaults (7.11.5):
    - GoogleUtilities/Logger
  - GTMSessionFetcher/Core (3.1.1)
  - hermes-engine (0.71.12):
    - hermes-engine/Pre-built (= 0.71.12)
  - hermes-engine/Pre-built (0.71.12)
  - JWTDecode (3.0.1)
  - leveldb-library (1.22.2)
  - libevent (2.1.12)
  - libwebp (1.3.2):
    - libwebp/demux (= 1.3.2)
    - libwebp/mux (= 1.3.2)
    - libwebp/sharpyuv (= 1.3.2)
    - libwebp/webp (= 1.3.2)
  - libwebp/demux (1.3.2):
    - libwebp/webp
  - libwebp/mux (1.3.2):
    - libwebp/demux
  - libwebp/sharpyuv (1.3.2)
  - libwebp/webp (1.3.2):
    - libwebp/sharpyuv
  - lottie-ios (3.4.4)
  - lottie-react-native (5.1.6):
    - lottie-ios (~> 3.4.0)
    - React-Core
  - nanopb (2.30909.0):
    - nanopb/decode (= 2.30909.0)
    - nanopb/encode (= 2.30909.0)
  - nanopb/decode (2.30909.0)
  - nanopb/encode (2.30909.0)
  - OpenSSL-Universal (1.1.1100)
  - PersonaInquirySDK2 (2.3.9)
  - PromisesObjC (2.3.1)
  - PromisesSwift (2.3.1):
    - PromisesObjC (= 2.3.1)
  - RCT-Folly (2021.07.22.00):
    - boost
    - DoubleConversion
    - fmt (~> 6.2.1)
    - glog
    - RCT-Folly/Default (= 2021.07.22.00)
  - RCT-Folly/Default (2021.07.22.00):
    - boost
    - DoubleConversion
    - fmt (~> 6.2.1)
    - glog
  - RCT-Folly/Futures (2021.07.22.00):
    - boost
    - DoubleConversion
    - fmt (~> 6.2.1)
    - glog
    - libevent
  - RCTRequired (0.71.12)
  - RCTTypeSafety (0.71.12):
    - FBLazyVector (= 0.71.12)
    - RCTRequired (= 0.71.12)
    - React-Core (= 0.71.12)
  - React (0.71.12):
    - React-Core (= 0.71.12)
    - React-Core/DevSupport (= 0.71.12)
    - React-Core/RCTWebSocket (= 0.71.12)
    - React-RCTActionSheet (= 0.71.12)
    - React-RCTAnimation (= 0.71.12)
    - React-RCTBlob (= 0.71.12)
    - React-RCTImage (= 0.71.12)
    - React-RCTLinking (= 0.71.12)
    - React-RCTNetwork (= 0.71.12)
    - React-RCTSettings (= 0.71.12)
    - React-RCTText (= 0.71.12)
    - React-RCTVibration (= 0.71.12)
  - React-callinvoker (0.71.12)
  - React-Codegen (0.71.12):
    - FBReactNativeSpec
    - hermes-engine
    - RCT-Folly
    - RCTRequired
    - RCTTypeSafety
    - React-Core
    - React-jsi
    - React-jsiexecutor
    - ReactCommon/turbomodule/bridging
    - ReactCommon/turbomodule/core
  - React-Core (0.71.12):
    - glog
    - hermes-engine
    - RCT-Folly (= 2021.07.22.00)
    - React-Core/Default (= 0.71.12)
    - React-cxxreact (= 0.71.12)
    - React-hermes
    - React-jsi (= 0.71.12)
    - React-jsiexecutor (= 0.71.12)
    - React-perflogger (= 0.71.12)
    - Yoga
  - React-Core/CoreModulesHeaders (0.71.12):
    - glog
    - hermes-engine
    - RCT-Folly (= 2021.07.22.00)
    - React-Core/Default
    - React-cxxreact (= 0.71.12)
    - React-hermes
    - React-jsi (= 0.71.12)
    - React-jsiexecutor (= 0.71.12)
    - React-perflogger (= 0.71.12)
    - Yoga
  - React-Core/Default (0.71.12):
    - glog
    - hermes-engine
    - RCT-Folly (= 2021.07.22.00)
    - React-cxxreact (= 0.71.12)
    - React-hermes
    - React-jsi (= 0.71.12)
    - React-jsiexecutor (= 0.71.12)
    - React-perflogger (= 0.71.12)
    - Yoga
  - React-Core/DevSupport (0.71.12):
    - glog
    - hermes-engine
    - RCT-Folly (= 2021.07.22.00)
    - React-Core/Default (= 0.71.12)
    - React-Core/RCTWebSocket (= 0.71.12)
    - React-cxxreact (= 0.71.12)
    - React-hermes
    - React-jsi (= 0.71.12)
    - React-jsiexecutor (= 0.71.12)
    - React-jsinspector (= 0.71.12)
    - React-perflogger (= 0.71.12)
    - Yoga
  - React-Core/RCTActionSheetHeaders (0.71.12):
    - glog
    - hermes-engine
    - RCT-Folly (= 2021.07.22.00)
    - React-Core/Default
    - React-cxxreact (= 0.71.12)
    - React-hermes
    - React-jsi (= 0.71.12)
    - React-jsiexecutor (= 0.71.12)
    - React-perflogger (= 0.71.12)
    - Yoga
  - React-Core/RCTAnimationHeaders (0.71.12):
    - glog
    - hermes-engine
    - RCT-Folly (= 2021.07.22.00)
    - React-Core/Default
    - React-cxxreact (= 0.71.12)
    - React-hermes
    - React-jsi (= 0.71.12)
    - React-jsiexecutor (= 0.71.12)
    - React-perflogger (= 0.71.12)
    - Yoga
  - React-Core/RCTBlobHeaders (0.71.12):
    - glog
    - hermes-engine
    - RCT-Folly (= 2021.07.22.00)
    - React-Core/Default
    - React-cxxreact (= 0.71.12)
    - React-hermes
    - React-jsi (= 0.71.12)
    - React-jsiexecutor (= 0.71.12)
    - React-perflogger (= 0.71.12)
    - Yoga
  - React-Core/RCTImageHeaders (0.71.12):
    - glog
    - hermes-engine
    - RCT-Folly (= 2021.07.22.00)
    - React-Core/Default
    - React-cxxreact (= 0.71.12)
    - React-hermes
    - React-jsi (= 0.71.12)
    - React-jsiexecutor (= 0.71.12)
    - React-perflogger (= 0.71.12)
    - Yoga
  - React-Core/RCTLinkingHeaders (0.71.12):
    - glog
    - hermes-engine
    - RCT-Folly (= 2021.07.22.00)
    - React-Core/Default
    - React-cxxreact (= 0.71.12)
    - React-hermes
    - React-jsi (= 0.71.12)
    - React-jsiexecutor (= 0.71.12)
    - React-perflogger (= 0.71.12)
    - Yoga
  - React-Core/RCTNetworkHeaders (0.71.12):
    - glog
    - hermes-engine
    - RCT-Folly (= 2021.07.22.00)
    - React-Core/Default
    - React-cxxreact (= 0.71.12)
    - React-hermes
    - React-jsi (= 0.71.12)
    - React-jsiexecutor (= 0.71.12)
    - React-perflogger (= 0.71.12)
    - Yoga
  - React-Core/RCTSettingsHeaders (0.71.12):
    - glog
    - hermes-engine
    - RCT-Folly (= 2021.07.22.00)
    - React-Core/Default
    - React-cxxreact (= 0.71.12)
    - React-hermes
    - React-jsi (= 0.71.12)
    - React-jsiexecutor (= 0.71.12)
    - React-perflogger (= 0.71.12)
    - Yoga
  - React-Core/RCTTextHeaders (0.71.12):
    - glog
    - hermes-engine
    - RCT-Folly (= 2021.07.22.00)
    - React-Core/Default
    - React-cxxreact (= 0.71.12)
    - React-hermes
    - React-jsi (= 0.71.12)
    - React-jsiexecutor (= 0.71.12)
    - React-perflogger (= 0.71.12)
    - Yoga
  - React-Core/RCTVibrationHeaders (0.71.12):
    - glog
    - hermes-engine
    - RCT-Folly (= 2021.07.22.00)
    - React-Core/Default
    - React-cxxreact (= 0.71.12)
    - React-hermes
    - React-jsi (= 0.71.12)
    - React-jsiexecutor (= 0.71.12)
    - React-perflogger (= 0.71.12)
    - Yoga
  - React-Core/RCTWebSocket (0.71.12):
    - glog
    - hermes-engine
    - RCT-Folly (= 2021.07.22.00)
    - React-Core/Default (= 0.71.12)
    - React-cxxreact (= 0.71.12)
    - React-hermes
    - React-jsi (= 0.71.12)
    - React-jsiexecutor (= 0.71.12)
    - React-perflogger (= 0.71.12)
    - Yoga
  - React-CoreModules (0.71.12):
    - RCT-Folly (= 2021.07.22.00)
    - RCTTypeSafety (= 0.71.12)
    - React-Codegen (= 0.71.12)
    - React-Core/CoreModulesHeaders (= 0.71.12)
    - React-jsi (= 0.71.12)
    - React-RCTBlob
    - React-RCTImage (= 0.71.12)
    - ReactCommon/turbomodule/core (= 0.71.12)
  - React-cxxreact (0.71.12):
    - boost (= 1.76.0)
    - DoubleConversion
    - glog
    - hermes-engine
    - RCT-Folly (= 2021.07.22.00)
    - React-callinvoker (= 0.71.12)
    - React-jsi (= 0.71.12)
    - React-jsinspector (= 0.71.12)
    - React-logger (= 0.71.12)
    - React-perflogger (= 0.71.12)
    - React-runtimeexecutor (= 0.71.12)
  - React-hermes (0.71.12):
    - DoubleConversion
    - glog
    - hermes-engine
    - RCT-Folly (= 2021.07.22.00)
    - RCT-Folly/Futures (= 2021.07.22.00)
    - React-cxxreact (= 0.71.12)
    - React-jsi
    - React-jsiexecutor (= 0.71.12)
    - React-jsinspector (= 0.71.12)
    - React-perflogger (= 0.71.12)
  - React-jsi (0.71.12):
    - boost (= 1.76.0)
    - DoubleConversion
    - glog
    - hermes-engine
    - RCT-Folly (= 2021.07.22.00)
  - React-jsiexecutor (0.71.12):
    - DoubleConversion
    - glog
    - hermes-engine
    - RCT-Folly (= 2021.07.22.00)
    - React-cxxreact (= 0.71.12)
    - React-jsi (= 0.71.12)
    - React-perflogger (= 0.71.12)
  - React-jsinspector (0.71.12)
  - React-logger (0.71.12):
    - glog
  - react-native-adjust (4.35.1):
    - Adjust (= 4.35.2)
    - React-Core
  - react-native-camera (4.2.1):
    - React-Core
    - react-native-camera/RCT (= 4.2.1)
    - react-native-camera/RN (= 4.2.1)
  - react-native-camera/RCT (4.2.1):
    - React-Core
  - react-native-camera/RN (4.2.1):
    - React-Core
  - react-native-config (1.5.1):
    - react-native-config/App (= 1.5.1)
  - react-native-config/App (1.5.1):
    - React-Core
  - react-native-contacts (5.0.0):
    - React-Core
  - react-native-cookies (6.2.1):
    - React-Core
  - react-native-fast-crypto (2.0.0):
    - OpenSSL-Universal
    - React-Core
  - react-native-flipper (0.127.0):
    - React-Core
  - react-native-get-random-values (1.10.0):
    - React-Core
  - react-native-in-app-review (4.3.3):
    - React-Core
  - react-native-launch-arguments (4.0.2):
    - React
  - react-native-mail (6.1.1):
    - React-Core
  - react-native-netinfo (9.5.0):
    - React-Core
  - react-native-randombytes (3.6.1):
    - React-Core
  - react-native-safe-area-context (4.7.4):
    - React-Core
  - react-native-shake (5.5.2):
    - RCT-Folly (= 2021.07.22.00)
    - React-Core
  - react-native-simple-toast (1.1.4):
    - React-Core
    - Toast (~> 4.0.0)
  - react-native-splash-screen (3.3.0):
    - React-Core
  - react-native-video (6.0.0-beta.2):
    - React-Core
    - react-native-video/Video (= 6.0.0-beta.2)
  - react-native-video/Video (6.0.0-beta.2):
    - PromisesSwift
    - React-Core
  - react-native-webview (13.6.3):
    - React-Core
  - React-perflogger (0.71.12)
  - React-RCTActionSheet (0.71.12):
    - React-Core/RCTActionSheetHeaders (= 0.71.12)
  - React-RCTAnimation (0.71.12):
    - RCT-Folly (= 2021.07.22.00)
    - RCTTypeSafety (= 0.71.12)
    - React-Codegen (= 0.71.12)
    - React-Core/RCTAnimationHeaders (= 0.71.12)
    - React-jsi (= 0.71.12)
    - ReactCommon/turbomodule/core (= 0.71.12)
  - React-RCTAppDelegate (0.71.12):
    - RCT-Folly
    - RCTRequired
    - RCTTypeSafety
    - React-Core
    - ReactCommon/turbomodule/core
  - React-RCTBlob (0.71.12):
    - hermes-engine
    - RCT-Folly (= 2021.07.22.00)
    - React-Codegen (= 0.71.12)
    - React-Core/RCTBlobHeaders (= 0.71.12)
    - React-Core/RCTWebSocket (= 0.71.12)
    - React-jsi (= 0.71.12)
    - React-RCTNetwork (= 0.71.12)
    - ReactCommon/turbomodule/core (= 0.71.12)
  - React-RCTImage (0.71.12):
    - RCT-Folly (= 2021.07.22.00)
    - RCTTypeSafety (= 0.71.12)
    - React-Codegen (= 0.71.12)
    - React-Core/RCTImageHeaders (= 0.71.12)
    - React-jsi (= 0.71.12)
    - React-RCTNetwork (= 0.71.12)
    - ReactCommon/turbomodule/core (= 0.71.12)
  - React-RCTLinking (0.71.12):
    - React-Codegen (= 0.71.12)
    - React-Core/RCTLinkingHeaders (= 0.71.12)
    - React-jsi (= 0.71.12)
    - ReactCommon/turbomodule/core (= 0.71.12)
  - React-RCTNetwork (0.71.12):
    - RCT-Folly (= 2021.07.22.00)
    - RCTTypeSafety (= 0.71.12)
    - React-Codegen (= 0.71.12)
    - React-Core/RCTNetworkHeaders (= 0.71.12)
    - React-jsi (= 0.71.12)
    - ReactCommon/turbomodule/core (= 0.71.12)
  - React-RCTSettings (0.71.12):
    - RCT-Folly (= 2021.07.22.00)
    - RCTTypeSafety (= 0.71.12)
    - React-Codegen (= 0.71.12)
    - React-Core/RCTSettingsHeaders (= 0.71.12)
    - React-jsi (= 0.71.12)
    - ReactCommon/turbomodule/core (= 0.71.12)
  - React-RCTText (0.71.12):
    - React-Core/RCTTextHeaders (= 0.71.12)
  - React-RCTVibration (0.71.12):
    - RCT-Folly (= 2021.07.22.00)
    - React-Codegen (= 0.71.12)
    - React-Core/RCTVibrationHeaders (= 0.71.12)
    - React-jsi (= 0.71.12)
    - ReactCommon/turbomodule/core (= 0.71.12)
  - React-runtimeexecutor (0.71.12):
    - React-jsi (= 0.71.12)
  - ReactCommon/turbomodule/bridging (0.71.12):
    - DoubleConversion
    - glog
    - hermes-engine
    - RCT-Folly (= 2021.07.22.00)
    - React-callinvoker (= 0.71.12)
    - React-Core (= 0.71.12)
    - React-cxxreact (= 0.71.12)
    - React-jsi (= 0.71.12)
    - React-logger (= 0.71.12)
    - React-perflogger (= 0.71.12)
  - ReactCommon/turbomodule/core (0.71.12):
    - DoubleConversion
    - glog
    - hermes-engine
    - RCT-Folly (= 2021.07.22.00)
    - React-callinvoker (= 0.71.12)
    - React-Core (= 0.71.12)
    - React-cxxreact (= 0.71.12)
    - React-jsi (= 0.71.12)
    - React-logger (= 0.71.12)
    - React-perflogger (= 0.71.12)
  - RNCAsyncStorage (1.21.0):
    - React-Core
  - RNCClipboard (1.13.0):
    - React-Core
  - RNCMaskedView (0.3.1):
    - React-Core
  - RNCPicker (2.6.1):
    - React-Core
  - RNDeviceInfo (10.11.0):
    - React-Core
  - RNExitApp (1.1.0):
    - React-Core
  - RNFastImage (8.6.3):
    - React-Core
    - SDWebImage (~> 5.11.1)
    - SDWebImageWebPCoder (~> 0.8.4)
  - RNFBAnalytics (17.5.0):
    - Firebase/Analytics (= 10.7.0)
    - React-Core
    - RNFBApp
  - RNFBApp (17.5.0):
    - Firebase/CoreOnly (= 10.7.0)
    - React-Core
  - RNFBAuth (17.5.0):
    - Firebase/Auth (= 10.7.0)
    - React-Core
    - RNFBApp
  - RNFBDatabase (17.5.0):
    - Firebase/Database (= 10.7.0)
    - React-Core
    - RNFBApp
  - RNFBDynamicLinks (17.5.0):
    - Firebase/DynamicLinks (= 10.7.0)
    - GoogleUtilities/AppDelegateSwizzler
    - React-Core
    - RNFBApp
  - RNFBMessaging (17.5.0):
    - Firebase/Messaging (= 10.7.0)
    - FirebaseCoreExtension (= 10.7.0)
    - React-Core
    - RNFBApp
  - RNFBRemoteConfig (17.5.0):
    - Firebase/RemoteConfig (= 10.7.0)
    - React-Core
    - RNFBApp
  - RNFS (2.20.0):
    - React-Core
  - RNGestureHandler (2.13.4):
    - RCT-Folly (= 2021.07.22.00)
    - React-Core
  - RNImageCropPicker (0.40.2):
    - React-Core
    - React-RCTImage
    - RNImageCropPicker/QBImagePickerController (= 0.40.2)
    - TOCropViewController
  - RNImageCropPicker/QBImagePickerController (0.40.2):
    - React-Core
    - React-RCTImage
    - TOCropViewController
  - RNKeychain (8.0.0):
    - React-Core
  - RNLocalize (2.2.6):
    - React-Core
  - RNPermissions (3.10.1):
    - React-Core
  - RNPersonaInquiry2 (2.2.23):
    - PersonaInquirySDK2 (= 2.3.9)
    - React-Core
  - RNReactNativeHapticFeedback (1.14.0):
    - React-Core
  - RNReanimated (2.17.0):
    - DoubleConversion
    - FBLazyVector
    - FBReactNativeSpec
    - glog
    - RCT-Folly
    - RCTRequired
    - RCTTypeSafety
    - React-callinvoker
    - React-Core
    - React-Core/DevSupport
    - React-Core/RCTWebSocket
    - React-CoreModules
    - React-cxxreact
    - React-jsi
    - React-jsiexecutor
    - React-jsinspector
    - React-RCTActionSheet
    - React-RCTAnimation
    - React-RCTBlob
    - React-RCTImage
    - React-RCTLinking
    - React-RCTNetwork
    - React-RCTSettings
    - React-RCTText
    - ReactCommon/turbomodule/core
    - Yoga
  - RNScreens (3.27.0):
    - RCT-Folly (= 2021.07.22.00)
    - React-Core
  - RNSecureRandom (1.0.1):
    - React-Core
  - RNSentry (4.15.2):
    - React-Core
    - Sentry/HybridSDK (= 7.31.5)
  - RNShare (7.9.1):
    - React-Core
  - RNSVG (13.14.0):
    - React-Core
  - SDWebImage (5.11.1):
    - SDWebImage/Core (= 5.11.1)
  - SDWebImage/Core (5.11.1)
  - SDWebImageWebPCoder (0.8.5):
    - libwebp (~> 1.0)
    - SDWebImage/Core (~> 5.10)
  - segment-analytics-react-native (2.16.1):
    - React-Core
    - sovran-react-native
  - Sentry/HybridSDK (7.31.5)
  - SimpleKeychain (1.0.1)
  - SocketRocket (0.6.1)
  - sovran-react-native (1.0.4):
    - React-Core
  - Toast (4.0.0)
  - TOCropViewController (2.6.1)
  - Yoga (1.14.0)
  - YogaKit (1.18.1):
    - Yoga (~> 1.14)

DEPENDENCIES:
  - A0Auth0 (from `../node_modules/react-native-auth0`)
  - boost (from `../node_modules/react-native/third-party-podspecs/boost.podspec`)
  - BVLinearGradient (from `../node_modules/react-native-linear-gradient`)
  - CleverTap-iOS-SDK
  - clevertap-react-native (from `../node_modules/clevertap-react-native`)
  - CTNotificationService
  - DoubleConversion (from `../node_modules/react-native/third-party-podspecs/DoubleConversion.podspec`)
  - FBLazyVector (from `../node_modules/react-native/Libraries/FBLazyVector`)
  - FBReactNativeSpec (from `../node_modules/react-native/React/FBReactNativeSpec`)
  - Flipper (= 0.125.0)
  - Flipper-Boost-iOSX (= 1.76.0.1.11)
  - Flipper-DoubleConversion (= 3.2.0.1)
  - Flipper-Fmt (= 7.1.7)
  - Flipper-Folly (= 2.6.10)
  - Flipper-Glog (= 0.3.5)
  - Flipper-PeerTalk (= 0.0.4)
  - Flipper-RSocket (= 1.4.3)
  - FlipperKit (= 0.125.0)
  - FlipperKit/Core (= 0.125.0)
  - FlipperKit/CppBridge (= 0.125.0)
  - FlipperKit/FBCxxFollyDynamicConvert (= 0.125.0)
  - FlipperKit/FBDefines (= 0.125.0)
  - FlipperKit/FKPortForwarding (= 0.125.0)
  - FlipperKit/FlipperKitHighlightOverlay (= 0.125.0)
  - FlipperKit/FlipperKitLayoutPlugin (= 0.125.0)
  - FlipperKit/FlipperKitLayoutTextSearchable (= 0.125.0)
  - FlipperKit/FlipperKitNetworkPlugin (= 0.125.0)
  - FlipperKit/FlipperKitReactPlugin (= 0.125.0)
  - FlipperKit/FlipperKitUserDefaultsPlugin (= 0.125.0)
  - FlipperKit/SKIOSNetworkPlugin (= 0.125.0)
  - glog (from `../node_modules/react-native/third-party-podspecs/glog.podspec`)
  - hermes-engine (from `../node_modules/react-native/sdks/hermes-engine/hermes-engine.podspec`)
  - libevent (~> 2.1.12)
  - lottie-react-native (from `../node_modules/lottie-react-native`)
  - OpenSSL-Universal (= 1.1.1100)
  - RCT-Folly (from `../node_modules/react-native/third-party-podspecs/RCT-Folly.podspec`)
  - RCTRequired (from `../node_modules/react-native/Libraries/RCTRequired`)
  - RCTTypeSafety (from `../node_modules/react-native/Libraries/TypeSafety`)
  - React (from `../node_modules/react-native/`)
  - React-callinvoker (from `../node_modules/react-native/ReactCommon/callinvoker`)
  - React-Codegen (from `build/generated/ios`)
  - React-Core (from `../node_modules/react-native/`)
  - React-Core/DevSupport (from `../node_modules/react-native/`)
  - React-Core/RCTWebSocket (from `../node_modules/react-native/`)
  - React-CoreModules (from `../node_modules/react-native/React/CoreModules`)
  - React-cxxreact (from `../node_modules/react-native/ReactCommon/cxxreact`)
  - React-hermes (from `../node_modules/react-native/ReactCommon/hermes`)
  - React-jsi (from `../node_modules/react-native/ReactCommon/jsi`)
  - React-jsiexecutor (from `../node_modules/react-native/ReactCommon/jsiexecutor`)
  - React-jsinspector (from `../node_modules/react-native/ReactCommon/jsinspector`)
  - React-logger (from `../node_modules/react-native/ReactCommon/logger`)
  - react-native-adjust (from `../node_modules/react-native-adjust`)
  - react-native-camera (from `../node_modules/react-native-camera`)
  - react-native-config (from `../node_modules/react-native-config`)
  - react-native-contacts (from `../node_modules/react-native-contacts`)
  - "react-native-cookies (from `../node_modules/@react-native-cookies/cookies`)"
  - react-native-fast-crypto (from `../node_modules/react-native-fast-crypto`)
  - react-native-flipper (from `../node_modules/react-native-flipper`)
  - react-native-get-random-values (from `../node_modules/react-native-get-random-values`)
  - react-native-in-app-review (from `../node_modules/react-native-in-app-review`)
  - react-native-launch-arguments (from `../node_modules/react-native-launch-arguments`)
  - react-native-mail (from `../node_modules/react-native-mail`)
  - "react-native-netinfo (from `../node_modules/@react-native-community/netinfo`)"
  - react-native-randombytes (from `../node_modules/react-native-randombytes`)
  - react-native-safe-area-context (from `../node_modules/react-native-safe-area-context`)
  - react-native-shake (from `../node_modules/react-native-shake`)
  - react-native-simple-toast (from `../node_modules/react-native-simple-toast`)
  - react-native-splash-screen (from `../node_modules/react-native-splash-screen`)
  - react-native-video (from `../node_modules/react-native-video`)
  - react-native-webview (from `../node_modules/react-native-webview`)
  - React-perflogger (from `../node_modules/react-native/ReactCommon/reactperflogger`)
  - React-RCTActionSheet (from `../node_modules/react-native/Libraries/ActionSheetIOS`)
  - React-RCTAnimation (from `../node_modules/react-native/Libraries/NativeAnimation`)
  - React-RCTAppDelegate (from `../node_modules/react-native/Libraries/AppDelegate`)
  - React-RCTBlob (from `../node_modules/react-native/Libraries/Blob`)
  - React-RCTImage (from `../node_modules/react-native/Libraries/Image`)
  - React-RCTLinking (from `../node_modules/react-native/Libraries/LinkingIOS`)
  - React-RCTNetwork (from `../node_modules/react-native/Libraries/Network`)
  - React-RCTSettings (from `../node_modules/react-native/Libraries/Settings`)
  - React-RCTText (from `../node_modules/react-native/Libraries/Text`)
  - React-RCTVibration (from `../node_modules/react-native/Libraries/Vibration`)
  - React-runtimeexecutor (from `../node_modules/react-native/ReactCommon/runtimeexecutor`)
  - ReactCommon/turbomodule/core (from `../node_modules/react-native/ReactCommon`)
  - "RNCAsyncStorage (from `../node_modules/@react-native-async-storage/async-storage`)"
  - "RNCClipboard (from `../node_modules/@react-native-clipboard/clipboard`)"
  - "RNCMaskedView (from `../node_modules/@react-native-masked-view/masked-view`)"
  - "RNCPicker (from `../node_modules/@react-native-picker/picker`)"
  - RNDeviceInfo (from `../node_modules/react-native-device-info`)
  - RNExitApp (from `../node_modules/react-native-exit-app`)
  - RNFastImage (from `../node_modules/react-native-fast-image`)
  - "RNFBAnalytics (from `../node_modules/@react-native-firebase/analytics`)"
  - "RNFBApp (from `../node_modules/@react-native-firebase/app`)"
  - "RNFBAuth (from `../node_modules/@react-native-firebase/auth`)"
  - "RNFBDatabase (from `../node_modules/@react-native-firebase/database`)"
  - "RNFBDynamicLinks (from `../node_modules/@react-native-firebase/dynamic-links`)"
  - "RNFBMessaging (from `../node_modules/@react-native-firebase/messaging`)"
  - "RNFBRemoteConfig (from `../node_modules/@react-native-firebase/remote-config`)"
  - RNFS (from `../node_modules/react-native-fs`)
  - RNGestureHandler (from `../node_modules/react-native-gesture-handler`)
  - RNImageCropPicker (from `../node_modules/react-native-image-crop-picker`)
  - RNKeychain (from `../node_modules/react-native-keychain`)
  - RNLocalize (from `../node_modules/react-native-localize`)
  - RNPermissions (from `../node_modules/react-native-permissions`)
  - RNPersonaInquiry2 (from `../node_modules/react-native-persona`)
  - RNReactNativeHapticFeedback (from `../node_modules/react-native-haptic-feedback`)
  - RNReanimated (from `../node_modules/react-native-reanimated`)
  - RNScreens (from `../node_modules/react-native-screens`)
  - RNSecureRandom (from `../node_modules/react-native-securerandom`)
  - "RNSentry (from `../node_modules/@sentry/react-native`)"
  - RNShare (from `../node_modules/react-native-share`)
  - RNSVG (from `../node_modules/react-native-svg`)
  - "segment-analytics-react-native (from `../node_modules/@segment/analytics-react-native`)"
  - "sovran-react-native (from `../node_modules/@segment/sovran-react-native`)"
  - Yoga (from `../node_modules/react-native/ReactCommon/yoga`)

SPEC REPOS:
  trunk:
    - Adjust
    - Auth0
    - CleverTap-iOS-SDK
    - CocoaAsyncSocket
    - CTNotificationService
    - Firebase
    - FirebaseABTesting
    - FirebaseAnalytics
    - FirebaseAuth
    - FirebaseCore
    - FirebaseCoreExtension
    - FirebaseCoreInternal
    - FirebaseDatabase
    - FirebaseDynamicLinks
    - FirebaseInstallations
    - FirebaseMessaging
    - FirebaseRemoteConfig
    - Flipper
    - Flipper-Boost-iOSX
    - Flipper-DoubleConversion
    - Flipper-Fmt
    - Flipper-Folly
    - Flipper-Glog
    - Flipper-PeerTalk
    - Flipper-RSocket
    - FlipperKit
    - fmt
    - GoogleAppMeasurement
    - GoogleDataTransport
    - GoogleUtilities
    - GTMSessionFetcher
    - JWTDecode
    - leveldb-library
    - libevent
    - libwebp
    - lottie-ios
    - nanopb
    - OpenSSL-Universal
    - PersonaInquirySDK2
    - PromisesObjC
    - PromisesSwift
    - SDWebImage
    - SDWebImageWebPCoder
    - Sentry
    - SimpleKeychain
    - SocketRocket
    - Toast
    - TOCropViewController
    - YogaKit

EXTERNAL SOURCES:
  A0Auth0:
    :path: "../node_modules/react-native-auth0"
  boost:
    :podspec: "../node_modules/react-native/third-party-podspecs/boost.podspec"
  BVLinearGradient:
    :path: "../node_modules/react-native-linear-gradient"
  clevertap-react-native:
    :path: "../node_modules/clevertap-react-native"
  DoubleConversion:
    :podspec: "../node_modules/react-native/third-party-podspecs/DoubleConversion.podspec"
  FBLazyVector:
    :path: "../node_modules/react-native/Libraries/FBLazyVector"
  FBReactNativeSpec:
    :path: "../node_modules/react-native/React/FBReactNativeSpec"
  glog:
    :podspec: "../node_modules/react-native/third-party-podspecs/glog.podspec"
  hermes-engine:
    :podspec: "../node_modules/react-native/sdks/hermes-engine/hermes-engine.podspec"
  lottie-react-native:
    :path: "../node_modules/lottie-react-native"
  RCT-Folly:
    :podspec: "../node_modules/react-native/third-party-podspecs/RCT-Folly.podspec"
  RCTRequired:
    :path: "../node_modules/react-native/Libraries/RCTRequired"
  RCTTypeSafety:
    :path: "../node_modules/react-native/Libraries/TypeSafety"
  React:
    :path: "../node_modules/react-native/"
  React-callinvoker:
    :path: "../node_modules/react-native/ReactCommon/callinvoker"
  React-Codegen:
    :path: build/generated/ios
  React-Core:
    :path: "../node_modules/react-native/"
  React-CoreModules:
    :path: "../node_modules/react-native/React/CoreModules"
  React-cxxreact:
    :path: "../node_modules/react-native/ReactCommon/cxxreact"
  React-hermes:
    :path: "../node_modules/react-native/ReactCommon/hermes"
  React-jsi:
    :path: "../node_modules/react-native/ReactCommon/jsi"
  React-jsiexecutor:
    :path: "../node_modules/react-native/ReactCommon/jsiexecutor"
  React-jsinspector:
    :path: "../node_modules/react-native/ReactCommon/jsinspector"
  React-logger:
    :path: "../node_modules/react-native/ReactCommon/logger"
  react-native-adjust:
    :path: "../node_modules/react-native-adjust"
  react-native-camera:
    :path: "../node_modules/react-native-camera"
  react-native-config:
    :path: "../node_modules/react-native-config"
  react-native-contacts:
    :path: "../node_modules/react-native-contacts"
  react-native-cookies:
    :path: "../node_modules/@react-native-cookies/cookies"
  react-native-fast-crypto:
    :path: "../node_modules/react-native-fast-crypto"
  react-native-flipper:
    :path: "../node_modules/react-native-flipper"
  react-native-get-random-values:
    :path: "../node_modules/react-native-get-random-values"
  react-native-in-app-review:
    :path: "../node_modules/react-native-in-app-review"
  react-native-launch-arguments:
    :path: "../node_modules/react-native-launch-arguments"
  react-native-mail:
    :path: "../node_modules/react-native-mail"
  react-native-netinfo:
    :path: "../node_modules/@react-native-community/netinfo"
  react-native-randombytes:
    :path: "../node_modules/react-native-randombytes"
  react-native-safe-area-context:
    :path: "../node_modules/react-native-safe-area-context"
  react-native-shake:
    :path: "../node_modules/react-native-shake"
  react-native-simple-toast:
    :path: "../node_modules/react-native-simple-toast"
  react-native-splash-screen:
    :path: "../node_modules/react-native-splash-screen"
  react-native-video:
    :path: "../node_modules/react-native-video"
  react-native-webview:
    :path: "../node_modules/react-native-webview"
  React-perflogger:
    :path: "../node_modules/react-native/ReactCommon/reactperflogger"
  React-RCTActionSheet:
    :path: "../node_modules/react-native/Libraries/ActionSheetIOS"
  React-RCTAnimation:
    :path: "../node_modules/react-native/Libraries/NativeAnimation"
  React-RCTAppDelegate:
    :path: "../node_modules/react-native/Libraries/AppDelegate"
  React-RCTBlob:
    :path: "../node_modules/react-native/Libraries/Blob"
  React-RCTImage:
    :path: "../node_modules/react-native/Libraries/Image"
  React-RCTLinking:
    :path: "../node_modules/react-native/Libraries/LinkingIOS"
  React-RCTNetwork:
    :path: "../node_modules/react-native/Libraries/Network"
  React-RCTSettings:
    :path: "../node_modules/react-native/Libraries/Settings"
  React-RCTText:
    :path: "../node_modules/react-native/Libraries/Text"
  React-RCTVibration:
    :path: "../node_modules/react-native/Libraries/Vibration"
  React-runtimeexecutor:
    :path: "../node_modules/react-native/ReactCommon/runtimeexecutor"
  ReactCommon:
    :path: "../node_modules/react-native/ReactCommon"
  RNCAsyncStorage:
    :path: "../node_modules/@react-native-async-storage/async-storage"
  RNCClipboard:
    :path: "../node_modules/@react-native-clipboard/clipboard"
  RNCMaskedView:
    :path: "../node_modules/@react-native-masked-view/masked-view"
  RNCPicker:
    :path: "../node_modules/@react-native-picker/picker"
  RNDeviceInfo:
    :path: "../node_modules/react-native-device-info"
  RNExitApp:
    :path: "../node_modules/react-native-exit-app"
  RNFastImage:
    :path: "../node_modules/react-native-fast-image"
  RNFBAnalytics:
    :path: "../node_modules/@react-native-firebase/analytics"
  RNFBApp:
    :path: "../node_modules/@react-native-firebase/app"
  RNFBAuth:
    :path: "../node_modules/@react-native-firebase/auth"
  RNFBDatabase:
    :path: "../node_modules/@react-native-firebase/database"
  RNFBDynamicLinks:
    :path: "../node_modules/@react-native-firebase/dynamic-links"
  RNFBMessaging:
    :path: "../node_modules/@react-native-firebase/messaging"
  RNFBRemoteConfig:
    :path: "../node_modules/@react-native-firebase/remote-config"
  RNFS:
    :path: "../node_modules/react-native-fs"
  RNGestureHandler:
    :path: "../node_modules/react-native-gesture-handler"
  RNImageCropPicker:
    :path: "../node_modules/react-native-image-crop-picker"
  RNKeychain:
    :path: "../node_modules/react-native-keychain"
  RNLocalize:
    :path: "../node_modules/react-native-localize"
  RNPermissions:
    :path: "../node_modules/react-native-permissions"
  RNPersonaInquiry2:
    :path: "../node_modules/react-native-persona"
  RNReactNativeHapticFeedback:
    :path: "../node_modules/react-native-haptic-feedback"
  RNReanimated:
    :path: "../node_modules/react-native-reanimated"
  RNScreens:
    :path: "../node_modules/react-native-screens"
  RNSecureRandom:
    :path: "../node_modules/react-native-securerandom"
  RNSentry:
    :path: "../node_modules/@sentry/react-native"
  RNShare:
    :path: "../node_modules/react-native-share"
  RNSVG:
    :path: "../node_modules/react-native-svg"
  segment-analytics-react-native:
    :path: "../node_modules/@segment/analytics-react-native"
  sovran-react-native:
    :path: "../node_modules/@segment/sovran-react-native"
  Yoga:
    :path: "../node_modules/react-native/ReactCommon/yoga"

SPEC CHECKSUMS:
  A0Auth0: 5ae918d2f043395f83ac26d6eb85b249bcb54634
  Adjust: cac836ba910f868b38d0350045aaf498f794719a
  Auth0: 64da28fdc5cd499aa516dc4bfd0ace8efae2c1da
  boost: 57d2868c099736d80fcd648bf211b4431e51a558
  BVLinearGradient: 880f91a7854faff2df62518f0281afb1c60d49a3
  CleverTap-iOS-SDK: 183b2f5c52ecfcb0d4cc97e0cdfcf080562026f3
  clevertap-react-native: a98a5d6decf8689f084f7a37ec069861d9fd9dda
  CocoaAsyncSocket: 065fd1e645c7abab64f7a6a2007a48038fdc6a99
  CTNotificationService: 844eb0cf5a6260b76e05420dde49312b72c5ad7c
  DoubleConversion: 5189b271737e1565bdce30deb4a08d647e3f5f54
  FBLazyVector: 4eb7ee83e8d0ad7e20a829485295ff48823c4e4c
  FBReactNativeSpec: b24809f97ae83c786928d56b732957195b4fa390
  Firebase: 0219acf760880eeec8ce479895bd7767466d9f81
  FirebaseABTesting: 03f0a8b88cf618350527f2c6a2234e29b9c65064
  FirebaseAnalytics: f8133442ee6f8512e28ff19e62ce15398bfaeace
  FirebaseAuth: dd64c01631df724b09f33e584625775c52f7d71f
  FirebaseCore: e317665b9d744727a97e623edbbed009320afdd7
  FirebaseCoreExtension: f17247ba8c61e4d3c8d136b5e2de3cb4ac6a85b6
  FirebaseCoreInternal: 26233f705cc4531236818a07ac84d20c333e505a
  FirebaseDatabase: 06195bac336b5e4c893ec04a111631a4cdb00178
  FirebaseDynamicLinks: 16a8fae3697fba66fed7a1d646fe59f30d42aa31
  FirebaseInstallations: b822f91a61f7d1ba763e5ccc9d4f2e6f2ed3b3ee
  FirebaseMessaging: ac9062bcc35ed56e15a0241d8fd317022499baf8
  FirebaseRemoteConfig: d5de62211e2eaa2152d8ee85a23c301b70887a74
  Flipper: 26fc4b7382499f1281eb8cb921e5c3ad6de91fe0
  Flipper-Boost-iOSX: fd1e2b8cbef7e662a122412d7ac5f5bea715403c
  Flipper-DoubleConversion: 2dc99b02f658daf147069aad9dbd29d8feb06d30
  Flipper-Fmt: 60cbdd92fc254826e61d669a5d87ef7015396a9b
  Flipper-Folly: 584845625005ff068a6ebf41f857f468decd26b3
  Flipper-Glog: 25ec670205f0a9f5269f7a877e0fb03d96bd2579
  Flipper-PeerTalk: 116d8f857dc6ef55c7a5a75ea3ceaafe878aadc9
  Flipper-RSocket: d9d9ade67cbecf6ac10730304bf5607266dd2541
  FlipperKit: cbdee19bdd4e7f05472a66ce290f1b729ba3cb86
  fmt: ff9d55029c625d3757ed641535fd4a75fedc7ce9
  glog: 04b94705f318337d7ead9e6d17c019bd9b1f6b1b
  GoogleAppMeasurement: fe17c92a32207dd5cdd4e8d742767f2da74857f6
  GoogleDataTransport: 54dee9d48d14580407f8f5fbf2f496e92437a2f2
  GoogleUtilities: 13e2c67ede716b8741c7989e26893d151b2b2084
  GTMSessionFetcher: e8647203b65cee28c5f73d0f473d096653945e72
  hermes-engine: b60ebc812e0179a612d8146ac54730d533c804a2
  JWTDecode: 2eed97c2fa46ccaf3049a787004eedf0be474a87
  leveldb-library: f03246171cce0484482ec291f88b6d563699ee06
  libevent: 4049cae6c81cdb3654a443be001fb9bdceff7913
  libwebp: 1786c9f4ff8a279e4dac1e8f385004d5fc253009
  lottie-ios: 8f97d3271e155c2d688875c29cd3c74908aef5f8
  lottie-react-native: 8f9d4be452e23f6e5ca0fdc11669dc99ab52be81
  nanopb: b552cce312b6c8484180ef47159bc0f65a1f0431
  OpenSSL-Universal: ebc357f1e6bc71fa463ccb2fe676756aff50e88c
  PersonaInquirySDK2: 8153173c5f6d4e964874c9f0d7b375652c9bb6f9
  PromisesObjC: c50d2056b5253dadbd6c2bea79b0674bd5a52fa4
  PromisesSwift: 28dca69a9c40779916ac2d6985a0192a5cb4a265
  RCT-Folly: 424b8c9a7a0b9ab2886ffe9c3b041ef628fd4fb1
  RCTRequired: 4db5e3e18b906377a502da5b358ff159ba4783ed
  RCTTypeSafety: 6c1a8aed043050de0d537336c95cd1be7b66c272
  React: 214e77358d860a3ed707fede9088e7c00663a087
  React-callinvoker: 8fc1c79c26fbcadce2a5d4a3cb4b2ced2dec3436
  React-Codegen: 1517e1a59c594e6b5661d3d054209e838baa4fa7
  React-Core: ea541085ca5be10b2be289c7d82eba368b5c4900
  React-CoreModules: d9680e1d551eef1dd764df736a473cf25f701070
  React-cxxreact: 0792e80e291d086b2cf588410f6bc6e752bc1d83
  React-hermes: 0b1bba58112cb7421f1166d527a1a05489f48dbc
  React-jsi: 1e41088515c4273ef5b118575337df4671851430
  React-jsiexecutor: 509cd947c28834614808ce056ee8eb700a0662aa
  React-jsinspector: ec4dcbfb1f4e72f04f826a0301eceee5fa7ca540
  React-logger: 35538accacf2583693fbc3ee8b53e69a1776fcee
  react-native-adjust: 4bbce119ab6613cfa7b95af94e5802ab492dcf07
  react-native-camera: 3eae183c1d111103963f3dd913b65d01aef8110f
  react-native-config: 86038147314e2e6d10ea9972022aa171e6b1d4d8
  react-native-contacts: fd1614c74777089ebb6b0a0e3847dd78130ef9f4
  react-native-cookies: f54fcded06bb0cda05c11d86788020b43528a26c
  react-native-fast-crypto: db61bcb2d1224a180449b886f27426a67d7628c0
  react-native-flipper: b9e2e817604af8da0d5a9ba20a8516e780e30f3c
  react-native-get-random-values: 384787fd76976f5aec9465aff6fa9e9129af1e74
  react-native-in-app-review: db8bb167a5f238e7ceca5c242d6b36ce8c4404a4
  react-native-launch-arguments: 5f41e0abf88a15e3c5309b8875d6fd5ac43df49d
  react-native-mail: 8fdcd3aef007c33a6877a18eb4cf7447a1d4ce4a
  react-native-netinfo: 48c5f79a84fbc3ba1d28a8b0d04adeda72885fa8
  react-native-randombytes: 421f1c7d48c0af8dbcd471b0324393ebf8fe7846
  react-native-safe-area-context: 2cd91d532de12acdb0a9cbc8d43ac72a8e4c897c
  react-native-shake: 8036ba95a1953c9b10821bdc33f5814c5d0bcef6
  react-native-simple-toast: 8ee5d23f0b92b935ab7434cdb65159ce12dfb4b7
  react-native-splash-screen: 4312f786b13a81b5169ef346d76d33bc0c6dc457
  react-native-video: 806f18bba69b4bfe02e62679acb6b732c8355ee5
  react-native-webview: 88293a0f23eca8465c0433c023ec632930e644d0
  React-perflogger: 75b0e25075c67565a830985f3c373e2eae5389e0
  React-RCTActionSheet: a0c3e916b327e297d124d9ebe8b0c721840ee04d
  React-RCTAnimation: 3da7025801d7bf0f8cfd94574d6278d5b82a8b88
  React-RCTAppDelegate: f74a567e0bc905aaff66d47ab30e6548f727549c
  React-RCTBlob: 53252ebabe7777fd1c440a34546c64e16b162908
  React-RCTImage: e230761bd34d71362dd8b3d51b5cd72674935aa0
  React-RCTLinking: 3294b1b540005628168e5a341963b0eddc3932e8
  React-RCTNetwork: 00c6b2215e54a9fb015c53a5e02b0a852dbb8568
  React-RCTSettings: 2e7e4964f45e9b24c6c32ad30b6ab2ef4a7e2ffc
  React-RCTText: a9c712b13cab90e1432e0ad113edc8bdbc691248
  React-RCTVibration: a283fefb8cc29d9740a7ff2e87f72ad10f25a433
  React-runtimeexecutor: 7902246857a4ead4166869e6c42d4df329ff721d
  ReactCommon: a023fdfe1c3bd4d465153915a45d8eda51172a45
  RNCAsyncStorage: 618d03a5f52fbccb3d7010076bc54712844c18ef
  RNCClipboard: 204b94473a99932e314b730a81363e0bf795a60d
  RNCMaskedView: 090213d32d8b3bb83a4dcb7d12c18f0152591906
  RNCPicker: b18aaf30df596e9b1738e7c1f9ee55402a229dca
  RNDeviceInfo: bf8a32acbcb875f568217285d1793b0e8588c974
  RNExitApp: b6d5fb7a7ef85d502c45fb2d00840f517d6a4ac7
  RNFastImage: 5c9c9fed9c076e521b3f509fe79e790418a544e8
  RNFBAnalytics: b4e2f1fb446c4bd15a5e778b0554464a8a303a1e
  RNFBApp: d59efa0872fff4e27de03cca3c528c203a436ae5
  RNFBAuth: 54e598bb1358a0cf6c0a187f43161cd1bde90455
  RNFBDatabase: 80c4a872443796fff15e75f476e0c4b793a9cede
  RNFBDynamicLinks: 08789ea798da58784e5792d0dff710518b052179
  RNFBMessaging: 216693dd5ba4f18ba65fb39fc73a44a23c26190f
  RNFBRemoteConfig: 85ba519c47cf163d824ed5735e3d9ab59e967f86
  RNFS: 4ac0f0ea233904cb798630b3c077808c06931688
  RNGestureHandler: 6e46dde1f87e5f018a54fe5d40cd0e0b942b49ee
  RNImageCropPicker: d9616a0cb9b72e8551ff94a7a5021fbd29050aa5
  RNKeychain: 4f63aada75ebafd26f4bc2c670199461eab85d94
  RNLocalize: d4b8af4e442d4bcca54e68fc687a2129b4d71a81
  RNPermissions: 74dd0814d683da200baaf4111fe5815906b3274c
  RNPersonaInquiry2: 3ab52078e891a5d2fa39bf7cc9119ca27f0337fd
  RNReactNativeHapticFeedback: 1e3efeca9628ff9876ee7cdd9edec1b336913f8c
  RNReanimated: f186e85d9f28c9383d05ca39e11dd194f59093ec
  RNScreens: 3c2d122f5e08c192e254c510b212306da97d2581
  RNSecureRandom: ff25041dd065a945810ca01a2bcd06f8d141b81d
  RNSentry: 4ea90ea061624364637e8077d965bf2e50478066
  RNShare: a5dc3b9c53ddc73e155b8cd9a94c70c91913c43c
  RNSVG: d00c8f91c3cbf6d476451313a18f04d220d4f396
  SDWebImage: a7f831e1a65eb5e285e3fb046a23fcfbf08e696d
  SDWebImageWebPCoder: 908b83b6adda48effe7667cd2b7f78c897e5111d
  segment-analytics-react-native: 13d4ba325add2b2ed796ee58531e3b4cacfe692f
  Sentry: 4c9babff9034785067c896fd580b1f7de44da020
  SimpleKeychain: 130211269f88f038d7dc5254cf0b1b9ce978c398
  SocketRocket: f32cd54efbe0f095c4d7594881e52619cfe80b17
  sovran-react-native: 791f2f726b4d57ece59676eda58d6da9dc95ad4e
  Toast: 91b396c56ee72a5790816f40d3a94dd357abc196
  TOCropViewController: edfd4f25713d56905ad1e0b9f5be3fbe0f59c863
  Yoga: 39310a10944fc864a7550700de349183450f8aaa
  YogaKit: f782866e155069a2cca2517aafea43200b01fd5a

PODFILE CHECKSUM: 26844a2d5331054b21cbaa1f46de023374fd5a58

COCOAPODS: 1.12.1
